
Microsoft Visual Studio Solution File, Format Version 12.00
# Visual Studio Version 17
VisualStudioVersion = 17.0.31903.59
MinimumVisualStudioVersion = 10.0.40219.1
Project("{2150E333-8FDC-42A3-9474-1A3956D46DE8}") = "Core", "Core", "{827E0CD3-B72D-47B6-A68D-7590B98EB39B}"
EndProject
Project("{2150E333-8FDC-42A3-9474-1A3956D46DE8}") = "src", "src", "{C0E3EF25-663E-4C62-99ED-F11830814059}"
EndProject
Project("{FAE04EC0-301F-11D3-BF4B-00C04F79EFBC}") = "Outputs.Documents.Domain", "Core\src\Outputs.Documents.Domain\Outputs.Documents.Domain.csproj", "{EB4110F6-EB95-4703-BFB7-1F94D0FA3D28}"
EndProject
Project("{FAE04EC0-301F-11D3-BF4B-00C04F79EFBC}") = "Outputs.Documents.Abstractions", "Core\src\Outputs.Documents.Abstractions\Outputs.Documents.Abstractions.csproj", "{D76AD3EF-375C-4B57-9F27-C80D88ED2372}"
EndProject
Project("{FAE04EC0-301F-11D3-BF4B-00C04F79EFBC}") = "Outputs.Documents.Rendering", "Core\src\Outputs.Documents.Rendering\Outputs.Documents.Rendering.csproj", "{D823D0F6-3BCA-4A4A-8C81-C10AACFB5C2A}"
EndProject
Project("{2150E333-8FDC-42A3-9474-1A3956D46DE8}") = "tests", "tests", "{0AB3BF05-4346-4AA6-1389-037BE0695223}"
EndProject
Project("{FAE04EC0-301F-11D3-BF4B-00C04F79EFBC}") = "Outputs.Documents.Rendering.Iron", "Core\src\Outputs.Documents.Rendering.Iron\Outputs.Documents.Rendering.Iron.csproj", "{09831373-794C-4791-814B-87A7CEFE1BEB}"
EndProject
Project("{FAE04EC0-301F-11D3-BF4B-00C04F79EFBC}") = "Outputs.Documents.Components", "Core\src\Outputs.Documents.Components\Outputs.Documents.Components.csproj", "{515242DF-6B14-4DEF-9862-E8713B79D5C8}"
EndProject
Project("{2150E333-8FDC-42A3-9474-1A3956D46DE8}") = "Tools", "Tools", "{07C2787E-EAC7-C090-1BA3-A61EC2A24D84}"
EndProject
Project("{2150E333-8FDC-42A3-9474-1A3956D46DE8}") = "src", "src", "{B61C4C12-6672-4D37-B776-BE3F0209601C}"
EndProject
Project("{FAE04EC0-301F-11D3-BF4B-00C04F79EFBC}") = "Outputs.Documents.Domain.VectorStore", "Tools\src\Outputs.Documents.Domain.VectorStore\Outputs.Documents.Domain.VectorStore.csproj", "{47B878E0-6EA2-4A15-B473-068832744974}"
EndProject
Project("{2150E333-8FDC-42A3-9474-1A3956D46DE8}") = "Apps", "Apps", "{1787FE1D-075E-9E68-7218-25F1BD1BBEAB}"
EndProject
Project("{2150E333-8FDC-42A3-9474-1A3956D46DE8}") = "src", "src", "{8C711C94-A9B1-47DE-BBC3-6711E387DFCF}"
EndProject
Project("{FAE04EC0-301F-11D3-BF4B-00C04F79EFBC}") = "Outputs.Documents.Domain.VectorStore.McpServer", "Apps\src\Outputs.Documents.Domain.VectorStore.McpServer\Outputs.Documents.Domain.VectorStore.McpServer.csproj", "{3DD603E5-79CE-407A-A43D-0FB4D91887A3}"
EndProject
Project("{FAE04EC0-301F-11D3-BF4B-00C04F79EFBC}") = "Outputs.Documents.Dashboard", "Apps\src\Outputs.Documents.Dashboard\Outputs.Documents.Dashboard.csproj", "{5CC42030-9D58-4795-9B90-C41854019C18}"
EndProject
Project("{FAE04EC0-301F-11D3-BF4B-00C04F79EFBC}") = "Outputs.Documents.SampleFinder", "Tools\src\Outputs.Documents.SampleFinder\Outputs.Documents.SampleFinder.csproj", "{E5F3E431-304E-44B1-BBD4-364A5C45EA2B}"
EndProject
Project("{FAE04EC0-301F-11D3-BF4B-00C04F79EFBC}") = "Outputs.Documents.Components.IntegrationTests", "Core\tests\Outputs.Documents.Components.IntegrationTests\Outputs.Documents.Components.IntegrationTests.csproj", "{545EBDCD-1AD2-4833-88F6-D9EE56F17516}"
EndProject
Project("{2150E333-8FDC-42A3-9474-1A3956D46DE8}") = "DOCE", "DOCE", "{3C59513D-6B8F-456B-AFF6-436B9AA0EBC8}"
EndProject
Project("{2150E333-8FDC-42A3-9474-1A3956D46DE8}") = "src", "src", "{5BE873C4-68AF-4E70-9CC5-75D363E04A34}"
EndProject
Project("{FAE04EC0-301F-11D3-BF4B-00C04F79EFBC}") = "Outputs.Documents.DOCE.Contracts", "DOCE\src\Outputs.Documents.DOCE.Contracts\Outputs.Documents.DOCE.Contracts.csproj", "{2355A432-8DE3-415E-8311-146FAA919054}"
EndProject
Project("{FAE04EC0-301F-11D3-BF4B-00C04F79EFBC}") = "Outputs.Documents.DOCE.Templates", "DOCE\src\Outputs.Documents.DOCE.Templates\Outputs.Documents.DOCE.Templates.csproj", "{934E7BFC-54F3-43C8-A993-7E2B2453C4BE}"
EndProject
Project("{2150E333-8FDC-42A3-9474-1A3956D46DE8}") = "tests", "tests", "{5290CBB9-A59A-4FD3-AAD7-1908095A4E86}"
EndProject
Project("{FAE04EC0-301F-11D3-BF4B-00C04F79EFBC}") = "Outputs.Documents.DOCE.Templates.UnitTests", "DOCE\tests\Outputs.Documents.DOCE.Templates.UnitTests\Outputs.Documents.DOCE.Templates.UnitTests.csproj", "{ECEE0596-1B9A-4D66-8490-F0B3E0EE134B}"
EndProject
Project("{FAE04EC0-301F-11D3-BF4B-00C04F79EFBC}") = "Outputs.Documents.DOCE.Templates.IntegrationTests", "DOCE\tests\Outputs.Documents.DOCE.Templates.IntegrationTests\Outputs.Documents.DOCE.Templates.IntegrationTests.csproj", "{6E3AE858-AA87-493A-ADC9-5140B3003145}"
EndProject
Project("{2150E333-8FDC-42A3-9474-1A3956D46DE8}") = "FSCD", "FSCD", "{36008C1D-EC65-455F-BDE7-F60C4B55F200}"
EndProject
Project("{2150E333-8FDC-42A3-9474-1A3956D46DE8}") = "src", "src", "{AA353C61-7176-450E-9513-448978C7172C}"
EndProject
Project("{FAE04EC0-301F-11D3-BF4B-00C04F79EFBC}") = "Outputs.Documents.FSCD.Contracts", "FSCD\src\Outputs.Documents.FSCD.Contracts\Outputs.Documents.FSCD.Contracts.csproj", "{60167A33-BFAF-4582-B1DA-039EE8D3ED5F}"
EndProject
Project("{FAE04EC0-301F-11D3-BF4B-00C04F79EFBC}") = "Outputs.Documents.FSCD.Templates", "FSCD\src\Outputs.Documents.FSCD.Templates\Outputs.Documents.FSCD.Templates.csproj", "{D34A9825-31B8-4C10-9F33-4AAB8D60411F}"
EndProject
Project("{2150E333-8FDC-42A3-9474-1A3956D46DE8}") = "tests", "tests", "{A270B0BE-4559-4BDA-B0DE-727977535A09}"
EndProject
Project("{FAE04EC0-301F-11D3-BF4B-00C04F79EFBC}") = "Outputs.Documents.FSCD.Templates.IntegrationTests", "FSCD\tests\Outputs.Documents.FSCD.Templates.IntegrationTests\Outputs.Documents.FSCD.Templates.IntegrationTests.csproj", "{5AB41817-EE47-49FC-8A18-3B3CE8C026CC}"
EndProject
Project("{FAE04EC0-301F-11D3-BF4B-00C04F79EFBC}") = "Outputs.Documents.Domain.UnitTests", "Core\tests\Outputs.Documents.Domain.UnitTests\Outputs.Documents.Domain.UnitTests.csproj", "{FE8FA0C1-914F-4B19-ABD3-CA3D736E2330}"
EndProject
Project("{FAE04EC0-301F-11D3-BF4B-00C04F79EFBC}") = "Outputs.Documents.Rendering.UnitTests", "Core\tests\Outputs.Documents.Rendering.UnitTests\Outputs.Documents.Rendering.UnitTests.csproj", "{CD570108-7A89-4ED8-8518-FDE46E038E16}"
EndProject
Project("{FAE04EC0-301F-11D3-BF4B-00C04F79EFBC}") = "Outputs.Documents.Rendering.Iron.UnitTests", "Core\tests\Outputs.Documents.Rendering.Iron.UnitTests\Outputs.Documents.Rendering.Iron.UnitTests.csproj", "{ADBE4748-3EA4-42B6-A321-7C515C2C0CBC}"
EndProject
Project("{2150E333-8FDC-42A3-9474-1A3956D46DE8}") = "tests", "tests", "{1F5254BC-4AAD-4139-96C1-DB31353E234B}"
EndProject
Project("{FAE04EC0-301F-11D3-BF4B-00C04F79EFBC}") = "Outputs.Documents.Domain.VectorStore.UnitTests", "Tools\tests\Outputs.Documents.Domain.VectorStore.UnitTests\Outputs.Documents.Domain.VectorStore.UnitTests.csproj", "{5E62015E-D131-401F-A542-3B26D676FA0E}"
EndProject
Project("{FAE04EC0-301F-11D3-BF4B-00C04F79EFBC}") = "Outputs.Documents.TemplateTestGenerator", "Tools\src\Outputs.Documents.TemplateTestGenerator\Outputs.Documents.TemplateTestGenerator.csproj", "{FEAB47B8-764A-465E-A6C5-316743F73CA5}"
EndProject
Global
	GlobalSection(SolutionConfigurationPlatforms) = preSolution
		Debug|Any CPU = Debug|Any CPU
		Debug|x64 = Debug|x64
		Debug|x86 = Debug|x86
		Release|Any CPU = Release|Any CPU
		Release|x64 = Release|x64
		Release|x86 = Release|x86
	EndGlobalSection
	GlobalSection(ProjectConfigurationPlatforms) = postSolution
		{EB4110F6-EB95-4703-BFB7-1F94D0FA3D28}.Debug|Any CPU.ActiveCfg = Debug|Any CPU
		{EB4110F6-EB95-4703-BFB7-1F94D0FA3D28}.Debug|Any CPU.Build.0 = Debug|Any CPU
		{EB4110F6-EB95-4703-BFB7-1F94D0FA3D28}.Debug|x64.ActiveCfg = Debug|Any CPU
		{EB4110F6-EB95-4703-BFB7-1F94D0FA3D28}.Debug|x64.Build.0 = Debug|Any CPU
		{EB4110F6-EB95-4703-BFB7-1F94D0FA3D28}.Debug|x86.ActiveCfg = Debug|Any CPU
		{EB4110F6-EB95-4703-BFB7-1F94D0FA3D28}.Debug|x86.Build.0 = Debug|Any CPU
		{EB4110F6-EB95-4703-BFB7-1F94D0FA3D28}.Release|Any CPU.ActiveCfg = Release|Any CPU
		{EB4110F6-EB95-4703-BFB7-1F94D0FA3D28}.Release|Any CPU.Build.0 = Release|Any CPU
		{EB4110F6-EB95-4703-BFB7-1F94D0FA3D28}.Release|x64.ActiveCfg = Release|Any CPU
		{EB4110F6-EB95-4703-BFB7-1F94D0FA3D28}.Release|x64.Build.0 = Release|Any CPU
		{EB4110F6-EB95-4703-BFB7-1F94D0FA3D28}.Release|x86.ActiveCfg = Release|Any CPU
		{EB4110F6-EB95-4703-BFB7-1F94D0FA3D28}.Release|x86.Build.0 = Release|Any CPU
		{D76AD3EF-375C-4B57-9F27-C80D88ED2372}.Debug|Any CPU.ActiveCfg = Debug|Any CPU
		{D76AD3EF-375C-4B57-9F27-C80D88ED2372}.Debug|Any CPU.Build.0 = Debug|Any CPU
		{D76AD3EF-375C-4B57-9F27-C80D88ED2372}.Debug|x64.ActiveCfg = Debug|Any CPU
		{D76AD3EF-375C-4B57-9F27-C80D88ED2372}.Debug|x64.Build.0 = Debug|Any CPU
		{D76AD3EF-375C-4B57-9F27-C80D88ED2372}.Debug|x86.ActiveCfg = Debug|Any CPU
		{D76AD3EF-375C-4B57-9F27-C80D88ED2372}.Debug|x86.Build.0 = Debug|Any CPU
		{D76AD3EF-375C-4B57-9F27-C80D88ED2372}.Release|Any CPU.ActiveCfg = Release|Any CPU
		{D76AD3EF-375C-4B57-9F27-C80D88ED2372}.Release|Any CPU.Build.0 = Release|Any CPU
		{D76AD3EF-375C-4B57-9F27-C80D88ED2372}.Release|x64.ActiveCfg = Release|Any CPU
		{D76AD3EF-375C-4B57-9F27-C80D88ED2372}.Release|x64.Build.0 = Release|Any CPU
		{D76AD3EF-375C-4B57-9F27-C80D88ED2372}.Release|x86.ActiveCfg = Release|Any CPU
		{D76AD3EF-375C-4B57-9F27-C80D88ED2372}.Release|x86.Build.0 = Release|Any CPU
		{D823D0F6-3BCA-4A4A-8C81-C10AACFB5C2A}.Debug|Any CPU.ActiveCfg = Debug|Any CPU
		{D823D0F6-3BCA-4A4A-8C81-C10AACFB5C2A}.Debug|Any CPU.Build.0 = Debug|Any CPU
		{D823D0F6-3BCA-4A4A-8C81-C10AACFB5C2A}.Debug|x64.ActiveCfg = Debug|Any CPU
		{D823D0F6-3BCA-4A4A-8C81-C10AACFB5C2A}.Debug|x64.Build.0 = Debug|Any CPU
		{D823D0F6-3BCA-4A4A-8C81-C10AACFB5C2A}.Debug|x86.ActiveCfg = Debug|Any CPU
		{D823D0F6-3BCA-4A4A-8C81-C10AACFB5C2A}.Debug|x86.Build.0 = Debug|Any CPU
		{D823D0F6-3BCA-4A4A-8C81-C10AACFB5C2A}.Release|Any CPU.ActiveCfg = Release|Any CPU
		{D823D0F6-3BCA-4A4A-8C81-C10AACFB5C2A}.Release|Any CPU.Build.0 = Release|Any CPU
		{D823D0F6-3BCA-4A4A-8C81-C10AACFB5C2A}.Release|x64.ActiveCfg = Release|Any CPU
		{D823D0F6-3BCA-4A4A-8C81-C10AACFB5C2A}.Release|x64.Build.0 = Release|Any CPU
		{D823D0F6-3BCA-4A4A-8C81-C10AACFB5C2A}.Release|x86.ActiveCfg = Release|Any CPU
		{D823D0F6-3BCA-4A4A-8C81-C10AACFB5C2A}.Release|x86.Build.0 = Release|Any CPU
		{09831373-794C-4791-814B-87A7CEFE1BEB}.Debug|Any CPU.ActiveCfg = Debug|Any CPU
		{09831373-794C-4791-814B-87A7CEFE1BEB}.Debug|Any CPU.Build.0 = Debug|Any CPU
		{09831373-794C-4791-814B-87A7CEFE1BEB}.Debug|x64.ActiveCfg = Debug|Any CPU
		{09831373-794C-4791-814B-87A7CEFE1BEB}.Debug|x64.Build.0 = Debug|Any CPU
		{09831373-794C-4791-814B-87A7CEFE1BEB}.Debug|x86.ActiveCfg = Debug|Any CPU
		{09831373-794C-4791-814B-87A7CEFE1BEB}.Debug|x86.Build.0 = Debug|Any CPU
		{09831373-794C-4791-814B-87A7CEFE1BEB}.Release|Any CPU.ActiveCfg = Release|Any CPU
		{09831373-794C-4791-814B-87A7CEFE1BEB}.Release|Any CPU.Build.0 = Release|Any CPU
		{09831373-794C-4791-814B-87A7CEFE1BEB}.Release|x64.ActiveCfg = Release|Any CPU
		{09831373-794C-4791-814B-87A7CEFE1BEB}.Release|x64.Build.0 = Release|Any CPU
		{09831373-794C-4791-814B-87A7CEFE1BEB}.Release|x86.ActiveCfg = Release|Any CPU
		{09831373-794C-4791-814B-87A7CEFE1BEB}.Release|x86.Build.0 = Release|Any CPU
		{515242DF-6B14-4DEF-9862-E8713B79D5C8}.Debug|Any CPU.ActiveCfg = Debug|Any CPU
		{515242DF-6B14-4DEF-9862-E8713B79D5C8}.Debug|Any CPU.Build.0 = Debug|Any CPU
		{515242DF-6B14-4DEF-9862-E8713B79D5C8}.Debug|x64.ActiveCfg = Debug|Any CPU
		{515242DF-6B14-4DEF-9862-E8713B79D5C8}.Debug|x64.Build.0 = Debug|Any CPU
		{515242DF-6B14-4DEF-9862-E8713B79D5C8}.Debug|x86.ActiveCfg = Debug|Any CPU
		{515242DF-6B14-4DEF-9862-E8713B79D5C8}.Debug|x86.Build.0 = Debug|Any CPU
		{515242DF-6B14-4DEF-9862-E8713B79D5C8}.Release|Any CPU.ActiveCfg = Release|Any CPU
		{515242DF-6B14-4DEF-9862-E8713B79D5C8}.Release|Any CPU.Build.0 = Release|Any CPU
		{515242DF-6B14-4DEF-9862-E8713B79D5C8}.Release|x64.ActiveCfg = Release|Any CPU
		{515242DF-6B14-4DEF-9862-E8713B79D5C8}.Release|x64.Build.0 = Release|Any CPU
		{515242DF-6B14-4DEF-9862-E8713B79D5C8}.Release|x86.ActiveCfg = Release|Any CPU
		{515242DF-6B14-4DEF-9862-E8713B79D5C8}.Release|x86.Build.0 = Release|Any CPU
		{47B878E0-6EA2-4A15-B473-068832744974}.Debug|Any CPU.ActiveCfg = Debug|Any CPU
		{47B878E0-6EA2-4A15-B473-068832744974}.Debug|Any CPU.Build.0 = Debug|Any CPU
		{47B878E0-6EA2-4A15-B473-068832744974}.Debug|x64.ActiveCfg = Debug|Any CPU
		{47B878E0-6EA2-4A15-B473-068832744974}.Debug|x64.Build.0 = Debug|Any CPU
		{47B878E0-6EA2-4A15-B473-068832744974}.Debug|x86.ActiveCfg = Debug|Any CPU
		{47B878E0-6EA2-4A15-B473-068832744974}.Debug|x86.Build.0 = Debug|Any CPU
		{47B878E0-6EA2-4A15-B473-068832744974}.Release|Any CPU.ActiveCfg = Release|Any CPU
		{47B878E0-6EA2-4A15-B473-068832744974}.Release|Any CPU.Build.0 = Release|Any CPU
		{47B878E0-6EA2-4A15-B473-068832744974}.Release|x64.ActiveCfg = Release|Any CPU
		{47B878E0-6EA2-4A15-B473-068832744974}.Release|x64.Build.0 = Release|Any CPU
		{47B878E0-6EA2-4A15-B473-068832744974}.Release|x86.ActiveCfg = Release|Any CPU
		{47B878E0-6EA2-4A15-B473-068832744974}.Release|x86.Build.0 = Release|Any CPU
		{3DD603E5-79CE-407A-A43D-0FB4D91887A3}.Debug|Any CPU.ActiveCfg = Debug|Any CPU
		{3DD603E5-79CE-407A-A43D-0FB4D91887A3}.Debug|Any CPU.Build.0 = Debug|Any CPU
		{3DD603E5-79CE-407A-A43D-0FB4D91887A3}.Debug|x64.ActiveCfg = Debug|Any CPU
		{3DD603E5-79CE-407A-A43D-0FB4D91887A3}.Debug|x64.Build.0 = Debug|Any CPU
		{3DD603E5-79CE-407A-A43D-0FB4D91887A3}.Debug|x86.ActiveCfg = Debug|Any CPU
		{3DD603E5-79CE-407A-A43D-0FB4D91887A3}.Debug|x86.Build.0 = Debug|Any CPU
		{3DD603E5-79CE-407A-A43D-0FB4D91887A3}.Release|Any CPU.ActiveCfg = Release|Any CPU
		{3DD603E5-79CE-407A-A43D-0FB4D91887A3}.Release|Any CPU.Build.0 = Release|Any CPU
		{3DD603E5-79CE-407A-A43D-0FB4D91887A3}.Release|x64.ActiveCfg = Release|Any CPU
		{3DD603E5-79CE-407A-A43D-0FB4D91887A3}.Release|x64.Build.0 = Release|Any CPU
		{3DD603E5-79CE-407A-A43D-0FB4D91887A3}.Release|x86.ActiveCfg = Release|Any CPU
		{3DD603E5-79CE-407A-A43D-0FB4D91887A3}.Release|x86.Build.0 = Release|Any CPU
		{5CC42030-9D58-4795-9B90-C41854019C18}.Debug|Any CPU.ActiveCfg = Debug|Any CPU
		{5CC42030-9D58-4795-9B90-C41854019C18}.Debug|Any CPU.Build.0 = Debug|Any CPU
		{5CC42030-9D58-4795-9B90-C41854019C18}.Debug|x64.ActiveCfg = Debug|Any CPU
		{5CC42030-9D58-4795-9B90-C41854019C18}.Debug|x64.Build.0 = Debug|Any CPU
		{5CC42030-9D58-4795-9B90-C41854019C18}.Debug|x86.ActiveCfg = Debug|Any CPU
		{5CC42030-9D58-4795-9B90-C41854019C18}.Debug|x86.Build.0 = Debug|Any CPU
		{5CC42030-9D58-4795-9B90-C41854019C18}.Release|Any CPU.ActiveCfg = Release|Any CPU
		{5CC42030-9D58-4795-9B90-C41854019C18}.Release|Any CPU.Build.0 = Release|Any CPU
		{5CC42030-9D58-4795-9B90-C41854019C18}.Release|x64.ActiveCfg = Release|Any CPU
		{5CC42030-9D58-4795-9B90-C41854019C18}.Release|x64.Build.0 = Release|Any CPU
		{5CC42030-9D58-4795-9B90-C41854019C18}.Release|x86.ActiveCfg = Release|Any CPU
		{5CC42030-9D58-4795-9B90-C41854019C18}.Release|x86.Build.0 = Release|Any CPU
		{E5F3E431-304E-44B1-BBD4-364A5C45EA2B}.Debug|Any CPU.ActiveCfg = Debug|Any CPU
		{E5F3E431-304E-44B1-BBD4-364A5C45EA2B}.Debug|Any CPU.Build.0 = Debug|Any CPU
		{E5F3E431-304E-44B1-BBD4-364A5C45EA2B}.Debug|x64.ActiveCfg = Debug|Any CPU
		{E5F3E431-304E-44B1-BBD4-364A5C45EA2B}.Debug|x64.Build.0 = Debug|Any CPU
		{E5F3E431-304E-44B1-BBD4-364A5C45EA2B}.Debug|x86.ActiveCfg = Debug|Any CPU
		{E5F3E431-304E-44B1-BBD4-364A5C45EA2B}.Debug|x86.Build.0 = Debug|Any CPU
		{E5F3E431-304E-44B1-BBD4-364A5C45EA2B}.Release|Any CPU.ActiveCfg = Release|Any CPU
		{E5F3E431-304E-44B1-BBD4-364A5C45EA2B}.Release|Any CPU.Build.0 = Release|Any CPU
		{E5F3E431-304E-44B1-BBD4-364A5C45EA2B}.Release|x64.ActiveCfg = Release|Any CPU
		{E5F3E431-304E-44B1-BBD4-364A5C45EA2B}.Release|x64.Build.0 = Release|Any CPU
		{E5F3E431-304E-44B1-BBD4-364A5C45EA2B}.Release|x86.ActiveCfg = Release|Any CPU
		{E5F3E431-304E-44B1-BBD4-364A5C45EA2B}.Release|x86.Build.0 = Release|Any CPU
		{545EBDCD-1AD2-4833-88F6-D9EE56F17516}.Debug|Any CPU.ActiveCfg = Debug|Any CPU
		{545EBDCD-1AD2-4833-88F6-D9EE56F17516}.Debug|Any CPU.Build.0 = Debug|Any CPU
		{545EBDCD-1AD2-4833-88F6-D9EE56F17516}.Debug|x64.ActiveCfg = Debug|Any CPU
		{545EBDCD-1AD2-4833-88F6-D9EE56F17516}.Debug|x64.Build.0 = Debug|Any CPU
		{545EBDCD-1AD2-4833-88F6-D9EE56F17516}.Debug|x86.ActiveCfg = Debug|Any CPU
		{545EBDCD-1AD2-4833-88F6-D9EE56F17516}.Debug|x86.Build.0 = Debug|Any CPU
		{545EBDCD-1AD2-4833-88F6-D9EE56F17516}.Release|Any CPU.ActiveCfg = Release|Any CPU
		{545EBDCD-1AD2-4833-88F6-D9EE56F17516}.Release|Any CPU.Build.0 = Release|Any CPU
		{545EBDCD-1AD2-4833-88F6-D9EE56F17516}.Release|x64.ActiveCfg = Release|Any CPU
		{545EBDCD-1AD2-4833-88F6-D9EE56F17516}.Release|x64.Build.0 = Release|Any CPU
		{545EBDCD-1AD2-4833-88F6-D9EE56F17516}.Release|x86.ActiveCfg = Release|Any CPU
		{545EBDCD-1AD2-4833-88F6-D9EE56F17516}.Release|x86.Build.0 = Release|Any CPU
		{2355A432-8DE3-415E-8311-146FAA919054}.Debug|Any CPU.ActiveCfg = Debug|Any CPU
		{2355A432-8DE3-415E-8311-146FAA919054}.Debug|Any CPU.Build.0 = Debug|Any CPU
		{2355A432-8DE3-415E-8311-146FAA919054}.Debug|x64.ActiveCfg = Debug|Any CPU
		{2355A432-8DE3-415E-8311-146FAA919054}.Debug|x64.Build.0 = Debug|Any CPU
		{2355A432-8DE3-415E-8311-146FAA919054}.Debug|x86.ActiveCfg = Debug|Any CPU
		{2355A432-8DE3-415E-8311-146FAA919054}.Debug|x86.Build.0 = Debug|Any CPU
		{2355A432-8DE3-415E-8311-146FAA919054}.Release|Any CPU.ActiveCfg = Release|Any CPU
		{2355A432-8DE3-415E-8311-146FAA919054}.Release|Any CPU.Build.0 = Release|Any CPU
		{2355A432-8DE3-415E-8311-146FAA919054}.Release|x64.ActiveCfg = Release|Any CPU
		{2355A432-8DE3-415E-8311-146FAA919054}.Release|x64.Build.0 = Release|Any CPU
		{2355A432-8DE3-415E-8311-146FAA919054}.Release|x86.ActiveCfg = Release|Any CPU
		{2355A432-8DE3-415E-8311-146FAA919054}.Release|x86.Build.0 = Release|Any CPU
		{934E7BFC-54F3-43C8-A993-7E2B2453C4BE}.Debug|Any CPU.ActiveCfg = Debug|Any CPU
		{934E7BFC-54F3-43C8-A993-7E2B2453C4BE}.Debug|Any CPU.Build.0 = Debug|Any CPU
		{934E7BFC-54F3-43C8-A993-7E2B2453C4BE}.Debug|x64.ActiveCfg = Debug|Any CPU
		{934E7BFC-54F3-43C8-A993-7E2B2453C4BE}.Debug|x64.Build.0 = Debug|Any CPU
		{934E7BFC-54F3-43C8-A993-7E2B2453C4BE}.Debug|x86.ActiveCfg = Debug|Any CPU
		{934E7BFC-54F3-43C8-A993-7E2B2453C4BE}.Debug|x86.Build.0 = Debug|Any CPU
		{934E7BFC-54F3-43C8-A993-7E2B2453C4BE}.Release|Any CPU.ActiveCfg = Release|Any CPU
		{934E7BFC-54F3-43C8-A993-7E2B2453C4BE}.Release|Any CPU.Build.0 = Release|Any CPU
		{934E7BFC-54F3-43C8-A993-7E2B2453C4BE}.Release|x64.ActiveCfg = Release|Any CPU
		{934E7BFC-54F3-43C8-A993-7E2B2453C4BE}.Release|x64.Build.0 = Release|Any CPU
		{934E7BFC-54F3-43C8-A993-7E2B2453C4BE}.Release|x86.ActiveCfg = Release|Any CPU
		{934E7BFC-54F3-43C8-A993-7E2B2453C4BE}.Release|x86.Build.0 = Release|Any CPU
		{ECEE0596-1B9A-4D66-8490-F0B3E0EE134B}.Debug|Any CPU.ActiveCfg = Debug|Any CPU
		{ECEE0596-1B9A-4D66-8490-F0B3E0EE134B}.Debug|Any CPU.Build.0 = Debug|Any CPU
		{ECEE0596-1B9A-4D66-8490-F0B3E0EE134B}.Debug|x64.ActiveCfg = Debug|Any CPU
		{ECEE0596-1B9A-4D66-8490-F0B3E0EE134B}.Debug|x64.Build.0 = Debug|Any CPU
		{ECEE0596-1B9A-4D66-8490-F0B3E0EE134B}.Debug|x86.ActiveCfg = Debug|Any CPU
		{ECEE0596-1B9A-4D66-8490-F0B3E0EE134B}.Debug|x86.Build.0 = Debug|Any CPU
		{ECEE0596-1B9A-4D66-8490-F0B3E0EE134B}.Release|Any CPU.ActiveCfg = Release|Any CPU
		{ECEE0596-1B9A-4D66-8490-F0B3E0EE134B}.Release|Any CPU.Build.0 = Release|Any CPU
		{ECEE0596-1B9A-4D66-8490-F0B3E0EE134B}.Release|x64.ActiveCfg = Release|Any CPU
		{ECEE0596-1B9A-4D66-8490-F0B3E0EE134B}.Release|x64.Build.0 = Release|Any CPU
		{ECEE0596-1B9A-4D66-8490-F0B3E0EE134B}.Release|x86.ActiveCfg = Release|Any CPU
		{ECEE0596-1B9A-4D66-8490-F0B3E0EE134B}.Release|x86.Build.0 = Release|Any CPU
		{6E3AE858-AA87-493A-ADC9-5140B3003145}.Debug|Any CPU.ActiveCfg = Debug|Any CPU
		{6E3AE858-AA87-493A-ADC9-5140B3003145}.Debug|Any CPU.Build.0 = Debug|Any CPU
		{6E3AE858-AA87-493A-ADC9-5140B3003145}.Debug|x64.ActiveCfg = Debug|Any CPU
		{6E3AE858-AA87-493A-ADC9-5140B3003145}.Debug|x64.Build.0 = Debug|Any CPU
		{6E3AE858-AA87-493A-ADC9-5140B3003145}.Debug|x86.ActiveCfg = Debug|Any CPU
		{6E3AE858-AA87-493A-ADC9-5140B3003145}.Debug|x86.Build.0 = Debug|Any CPU
		{6E3AE858-AA87-493A-ADC9-5140B3003145}.Release|Any CPU.ActiveCfg = Release|Any CPU
		{6E3AE858-AA87-493A-ADC9-5140B3003145}.Release|Any CPU.Build.0 = Release|Any CPU
		{6E3AE858-AA87-493A-ADC9-5140B3003145}.Release|x64.ActiveCfg = Release|Any CPU
		{6E3AE858-AA87-493A-ADC9-5140B3003145}.Release|x64.Build.0 = Release|Any CPU
		{6E3AE858-AA87-493A-ADC9-5140B3003145}.Release|x86.ActiveCfg = Release|Any CPU
		{6E3AE858-AA87-493A-ADC9-5140B3003145}.Release|x86.Build.0 = Release|Any CPU
		{60167A33-BFAF-4582-B1DA-039EE8D3ED5F}.Debug|Any CPU.ActiveCfg = Debug|Any CPU
		{60167A33-BFAF-4582-B1DA-039EE8D3ED5F}.Debug|Any CPU.Build.0 = Debug|Any CPU
		{60167A33-BFAF-4582-B1DA-039EE8D3ED5F}.Debug|x64.ActiveCfg = Debug|Any CPU
		{60167A33-BFAF-4582-B1DA-039EE8D3ED5F}.Debug|x64.Build.0 = Debug|Any CPU
		{60167A33-BFAF-4582-B1DA-039EE8D3ED5F}.Debug|x86.ActiveCfg = Debug|Any CPU
		{60167A33-BFAF-4582-B1DA-039EE8D3ED5F}.Debug|x86.Build.0 = Debug|Any CPU
		{60167A33-BFAF-4582-B1DA-039EE8D3ED5F}.Release|Any CPU.ActiveCfg = Release|Any CPU
		{60167A33-BFAF-4582-B1DA-039EE8D3ED5F}.Release|Any CPU.Build.0 = Release|Any CPU
		{60167A33-BFAF-4582-B1DA-039EE8D3ED5F}.Release|x64.ActiveCfg = Release|Any CPU
		{60167A33-BFAF-4582-B1DA-039EE8D3ED5F}.Release|x64.Build.0 = Release|Any CPU
		{60167A33-BFAF-4582-B1DA-039EE8D3ED5F}.Release|x86.ActiveCfg = Release|Any CPU
		{60167A33-BFAF-4582-B1DA-039EE8D3ED5F}.Release|x86.Build.0 = Release|Any CPU
		{D34A9825-31B8-4C10-9F33-4AAB8D60411F}.Debug|Any CPU.ActiveCfg = Debug|Any CPU
		{D34A9825-31B8-4C10-9F33-4AAB8D60411F}.Debug|Any CPU.Build.0 = Debug|Any CPU
		{D34A9825-31B8-4C10-9F33-4AAB8D60411F}.Debug|x64.ActiveCfg = Debug|Any CPU
		{D34A9825-31B8-4C10-9F33-4AAB8D60411F}.Debug|x64.Build.0 = Debug|Any CPU
		{D34A9825-31B8-4C10-9F33-4AAB8D60411F}.Debug|x86.ActiveCfg = Debug|Any CPU
		{D34A9825-31B8-4C10-9F33-4AAB8D60411F}.Debug|x86.Build.0 = Debug|Any CPU
		{D34A9825-31B8-4C10-9F33-4AAB8D60411F}.Release|Any CPU.ActiveCfg = Release|Any CPU
		{D34A9825-31B8-4C10-9F33-4AAB8D60411F}.Release|Any CPU.Build.0 = Release|Any CPU
		{D34A9825-31B8-4C10-9F33-4AAB8D60411F}.Release|x64.ActiveCfg = Release|Any CPU
		{D34A9825-31B8-4C10-9F33-4AAB8D60411F}.Release|x64.Build.0 = Release|Any CPU
		{D34A9825-31B8-4C10-9F33-4AAB8D60411F}.Release|x86.ActiveCfg = Release|Any CPU
		{D34A9825-31B8-4C10-9F33-4AAB8D60411F}.Release|x86.Build.0 = Release|Any CPU
		{5AB41817-EE47-49FC-8A18-3B3CE8C026CC}.Debug|Any CPU.ActiveCfg = Debug|Any CPU
		{5AB41817-EE47-49FC-8A18-3B3CE8C026CC}.Debug|Any CPU.Build.0 = Debug|Any CPU
		{5AB41817-EE47-49FC-8A18-3B3CE8C026CC}.Debug|x64.ActiveCfg = Debug|Any CPU
		{5AB41817-EE47-49FC-8A18-3B3CE8C026CC}.Debug|x64.Build.0 = Debug|Any CPU
		{5AB41817-EE47-49FC-8A18-3B3CE8C026CC}.Debug|x86.ActiveCfg = Debug|Any CPU
		{5AB41817-EE47-49FC-8A18-3B3CE8C026CC}.Debug|x86.Build.0 = Debug|Any CPU
		{5AB41817-EE47-49FC-8A18-3B3CE8C026CC}.Release|Any CPU.ActiveCfg = Release|Any CPU
		{5AB41817-EE47-49FC-8A18-3B3CE8C026CC}.Release|Any CPU.Build.0 = Release|Any CPU
		{5AB41817-EE47-49FC-8A18-3B3CE8C026CC}.Release|x64.ActiveCfg = Release|Any CPU
		{5AB41817-EE47-49FC-8A18-3B3CE8C026CC}.Release|x64.Build.0 = Release|Any CPU
		{5AB41817-EE47-49FC-8A18-3B3CE8C026CC}.Release|x86.ActiveCfg = Release|Any CPU
		{5AB41817-EE47-49FC-8A18-3B3CE8C026CC}.Release|x86.Build.0 = Release|Any CPU
		{FE8FA0C1-914F-4B19-ABD3-CA3D736E2330}.Debug|Any CPU.ActiveCfg = Debug|Any CPU
		{FE8FA0C1-914F-4B19-ABD3-CA3D736E2330}.Debug|Any CPU.Build.0 = Debug|Any CPU
		{FE8FA0C1-914F-4B19-ABD3-CA3D736E2330}.Debug|x64.ActiveCfg = Debug|Any CPU
		{FE8FA0C1-914F-4B19-ABD3-CA3D736E2330}.Debug|x64.Build.0 = Debug|Any CPU
		{FE8FA0C1-914F-4B19-ABD3-CA3D736E2330}.Debug|x86.ActiveCfg = Debug|Any CPU
		{FE8FA0C1-914F-4B19-ABD3-CA3D736E2330}.Debug|x86.Build.0 = Debug|Any CPU
		{FE8FA0C1-914F-4B19-ABD3-CA3D736E2330}.Release|Any CPU.ActiveCfg = Release|Any CPU
		{FE8FA0C1-914F-4B19-ABD3-CA3D736E2330}.Release|Any CPU.Build.0 = Release|Any CPU
		{FE8FA0C1-914F-4B19-ABD3-CA3D736E2330}.Release|x64.ActiveCfg = Release|Any CPU
		{FE8FA0C1-914F-4B19-ABD3-CA3D736E2330}.Release|x64.Build.0 = Release|Any CPU
		{FE8FA0C1-914F-4B19-ABD3-CA3D736E2330}.Release|x86.ActiveCfg = Release|Any CPU
		{FE8FA0C1-914F-4B19-ABD3-CA3D736E2330}.Release|x86.Build.0 = Release|Any CPU
		{CD570108-7A89-4ED8-8518-FDE46E038E16}.Debug|Any CPU.ActiveCfg = Debug|Any CPU
		{CD570108-7A89-4ED8-8518-FDE46E038E16}.Debug|Any CPU.Build.0 = Debug|Any CPU
		{CD570108-7A89-4ED8-8518-FDE46E038E16}.Debug|x64.ActiveCfg = Debug|Any CPU
		{CD570108-7A89-4ED8-8518-FDE46E038E16}.Debug|x64.Build.0 = Debug|Any CPU
		{CD570108-7A89-4ED8-8518-FDE46E038E16}.Debug|x86.ActiveCfg = Debug|Any CPU
		{CD570108-7A89-4ED8-8518-FDE46E038E16}.Debug|x86.Build.0 = Debug|Any CPU
		{CD570108-7A89-4ED8-8518-FDE46E038E16}.Release|Any CPU.ActiveCfg = Release|Any CPU
		{CD570108-7A89-4ED8-8518-FDE46E038E16}.Release|Any CPU.Build.0 = Release|Any CPU
		{CD570108-7A89-4ED8-8518-FDE46E038E16}.Release|x64.ActiveCfg = Release|Any CPU
		{CD570108-7A89-4ED8-8518-FDE46E038E16}.Release|x64.Build.0 = Release|Any CPU
		{CD570108-7A89-4ED8-8518-FDE46E038E16}.Release|x86.ActiveCfg = Release|Any CPU
		{CD570108-7A89-4ED8-8518-FDE46E038E16}.Release|x86.Build.0 = Release|Any CPU
		{ADBE4748-3EA4-42B6-A321-7C515C2C0CBC}.Debug|Any CPU.ActiveCfg = Debug|Any CPU
		{ADBE4748-3EA4-42B6-A321-7C515C2C0CBC}.Debug|Any CPU.Build.0 = Debug|Any CPU
		{ADBE4748-3EA4-42B6-A321-7C515C2C0CBC}.Debug|x64.ActiveCfg = Debug|Any CPU
		{ADBE4748-3EA4-42B6-A321-7C515C2C0CBC}.Debug|x64.Build.0 = Debug|Any CPU
		{ADBE4748-3EA4-42B6-A321-7C515C2C0CBC}.Debug|x86.ActiveCfg = Debug|Any CPU
		{ADBE4748-3EA4-42B6-A321-7C515C2C0CBC}.Debug|x86.Build.0 = Debug|Any CPU
		{ADBE4748-3EA4-42B6-A321-7C515C2C0CBC}.Release|Any CPU.ActiveCfg = Release|Any CPU
		{ADBE4748-3EA4-42B6-A321-7C515C2C0CBC}.Release|Any CPU.Build.0 = Release|Any CPU
		{ADBE4748-3EA4-42B6-A321-7C515C2C0CBC}.Release|x64.ActiveCfg = Release|Any CPU
		{ADBE4748-3EA4-42B6-A321-7C515C2C0CBC}.Release|x64.Build.0 = Release|Any CPU
		{ADBE4748-3EA4-42B6-A321-7C515C2C0CBC}.Release|x86.ActiveCfg = Release|Any CPU
		{ADBE4748-3EA4-42B6-A321-7C515C2C0CBC}.Release|x86.Build.0 = Release|Any CPU
		{5E62015E-D131-401F-A542-3B26D676FA0E}.Debug|Any CPU.ActiveCfg = Debug|Any CPU
		{5E62015E-D131-401F-A542-3B26D676FA0E}.Debug|Any CPU.Build.0 = Debug|Any CPU
		{5E62015E-D131-401F-A542-3B26D676FA0E}.Debug|x64.ActiveCfg = Debug|Any CPU
		{5E62015E-D131-401F-A542-3B26D676FA0E}.Debug|x64.Build.0 = Debug|Any CPU
		{5E62015E-D131-401F-A542-3B26D676FA0E}.Debug|x86.ActiveCfg = Debug|Any CPU
		{5E62015E-D131-401F-A542-3B26D676FA0E}.Debug|x86.Build.0 = Debug|Any CPU
		{5E62015E-D131-401F-A542-3B26D676FA0E}.Release|Any CPU.ActiveCfg = Release|Any CPU
		{5E62015E-D131-401F-A542-3B26D676FA0E}.Release|Any CPU.Build.0 = Release|Any CPU
		{5E62015E-D131-401F-A542-3B26D676FA0E}.Release|x64.ActiveCfg = Release|Any CPU
		{5E62015E-D131-401F-A542-3B26D676FA0E}.Release|x64.Build.0 = Release|Any CPU
		{5E62015E-D131-401F-A542-3B26D676FA0E}.Release|x86.ActiveCfg = Release|Any CPU
		{5E62015E-D131-401F-A542-3B26D676FA0E}.Release|x86.Build.0 = Release|Any CPU
		{FEAB47B8-764A-465E-A6C5-316743F73CA5}.Debug|Any CPU.ActiveCfg = Debug|Any CPU
		{FEAB47B8-764A-465E-A6C5-316743F73CA5}.Debug|Any CPU.Build.0 = Debug|Any CPU
		{FEAB47B8-764A-465E-A6C5-316743F73CA5}.Debug|x64.ActiveCfg = Debug|Any CPU
		{FEAB47B8-764A-465E-A6C5-316743F73CA5}.Debug|x64.Build.0 = Debug|Any CPU
		{FEAB47B8-764A-465E-A6C5-316743F73CA5}.Debug|x86.ActiveCfg = Debug|Any CPU
		{FEAB47B8-764A-465E-A6C5-316743F73CA5}.Debug|x86.Build.0 = Debug|Any CPU
		{FEAB47B8-764A-465E-A6C5-316743F73CA5}.Release|Any CPU.ActiveCfg = Release|Any CPU
		{FEAB47B8-764A-465E-A6C5-316743F73CA5}.Release|Any CPU.Build.0 = Release|Any CPU
		{FEAB47B8-764A-465E-A6C5-316743F73CA5}.Release|x64.ActiveCfg = Release|Any CPU
		{FEAB47B8-764A-465E-A6C5-316743F73CA5}.Release|x64.Build.0 = Release|Any CPU
		{FEAB47B8-764A-465E-A6C5-316743F73CA5}.Release|x86.ActiveCfg = Release|Any CPU
		{FEAB47B8-764A-465E-A6C5-316743F73CA5}.Release|x86.Build.0 = Release|Any CPU
	EndGlobalSection
	GlobalSection(SolutionProperties) = preSolution
		HideSolutionNode = FALSE
	EndGlobalSection
	GlobalSection(NestedProjects) = preSolution
		{C0E3EF25-663E-4C62-99ED-F11830814059} = {827E0CD3-B72D-47B6-A68D-7590B98EB39B}
		{EB4110F6-EB95-4703-BFB7-1F94D0FA3D28} = {C0E3EF25-663E-4C62-99ED-F11830814059}
		{D76AD3EF-375C-4B57-9F27-C80D88ED2372} = {C0E3EF25-663E-4C62-99ED-F11830814059}
		{D823D0F6-3BCA-4A4A-8C81-C10AACFB5C2A} = {C0E3EF25-663E-4C62-99ED-F11830814059}
		{09831373-794C-4791-814B-87A7CEFE1BEB} = {C0E3EF25-663E-4C62-99ED-F11830814059}
		{515242DF-6B14-4DEF-9862-E8713B79D5C8} = {C0E3EF25-663E-4C62-99ED-F11830814059}
		{0AB3BF05-4346-4AA6-1389-037BE0695223} = {827E0CD3-B72D-47B6-A68D-7590B98EB39B}
		{B61C4C12-6672-4D37-B776-BE3F0209601C} = {07C2787E-EAC7-C090-1BA3-A61EC2A24D84}
		{47B878E0-6EA2-4A15-B473-068832744974} = {B61C4C12-6672-4D37-B776-BE3F0209601C}
		{8C711C94-A9B1-47DE-BBC3-6711E387DFCF} = {1787FE1D-075E-9E68-7218-25F1BD1BBEAB}
		{3DD603E5-79CE-407A-A43D-0FB4D91887A3} = {8C711C94-A9B1-47DE-BBC3-6711E387DFCF}
		{5CC42030-9D58-4795-9B90-C41854019C18} = {8C711C94-A9B1-47DE-BBC3-6711E387DFCF}
		{E5F3E431-304E-44B1-BBD4-364A5C45EA2B} = {B61C4C12-6672-4D37-B776-BE3F0209601C}
		{545EBDCD-1AD2-4833-88F6-D9EE56F17516} = {0AB3BF05-4346-4AA6-1389-037BE0695223}
		{5BE873C4-68AF-4E70-9CC5-75D363E04A34} = {3C59513D-6B8F-456B-AFF6-436B9AA0EBC8}
		{2355A432-8DE3-415E-8311-146FAA919054} = {5BE873C4-68AF-4E70-9CC5-75D363E04A34}
		{934E7BFC-54F3-43C8-A993-7E2B2453C4BE} = {5BE873C4-68AF-4E70-9CC5-75D363E04A34}
		{5290CBB9-A59A-4FD3-AAD7-1908095A4E86} = {3C59513D-6B8F-456B-AFF6-436B9AA0EBC8}
		{ECEE0596-1B9A-4D66-8490-F0B3E0EE134B} = {5290CBB9-A59A-4FD3-AAD7-1908095A4E86}
		{6E3AE858-AA87-493A-ADC9-5140B3003145} = {5290CBB9-A59A-4FD3-AAD7-1908095A4E86}
		{AA353C61-7176-450E-9513-448978C7172C} = {36008C1D-EC65-455F-BDE7-F60C4B55F200}
		{60167A33-BFAF-4582-B1DA-039EE8D3ED5F} = {AA353C61-7176-450E-9513-448978C7172C}
		{D34A9825-31B8-4C10-9F33-4AAB8D60411F} = {AA353C61-7176-450E-9513-448978C7172C}
		{A270B0BE-4559-4BDA-B0DE-727977535A09} = {36008C1D-EC65-455F-BDE7-F60C4B55F200}
		{5AB41817-EE47-49FC-8A18-3B3CE8C026CC} = {A270B0BE-4559-4BDA-B0DE-727977535A09}
		{FE8FA0C1-914F-4B19-ABD3-CA3D736E2330} = {0AB3BF05-4346-4AA6-1389-037BE0695223}
		{CD570108-7A89-4ED8-8518-FDE46E038E16} = {0AB3BF05-4346-4AA6-1389-037BE0695223}
		{ADBE4748-3EA4-42B6-A321-7C515C2C0CBC} = {0AB3BF05-4346-4AA6-1389-037BE0695223}
		{1F5254BC-4AAD-4139-96C1-DB31353E234B} = {07C2787E-EAC7-C090-1BA3-A61EC2A24D84}
		{5E62015E-D131-401F-A542-3B26D676FA0E} = {1F5254BC-4AAD-4139-96C1-DB31353E234B}
		{FEAB47B8-764A-465E-A6C5-316743F73CA5} = {B61C4C12-6672-4D37-B776-BE3F0209601C}
	EndGlobalSection
EndGlobal
