
Microsoft Visual Studio Solution File, Format Version 12.00
# Visual Studio Version 17
VisualStudioVersion = 17.0.31903.59
MinimumVisualStudioVersion = 10.0.40219.1
Project("{2150E333-8FDC-42A3-9474-1A3956D46DE8}") = "src", "src", "{827E0CD3-B72D-47B6-A68D-7590B98EB39B}"
EndProject
Project("{FAE04EC0-301F-11D3-BF4B-00C04F79EFBC}") = "Outputs.Documents.Domain", "src\Outputs.Documents.Domain\Outputs.Documents.Domain.csproj", "{EB4110F6-EB95-4703-BFB7-1F94D0FA3D28}"
EndProject
Project("{FAE04EC0-301F-11D3-BF4B-00C04F79EFBC}") = "Outputs.Documents.Abstractions", "src\Outputs.Documents.Abstractions\Outputs.Documents.Abstractions.csproj", "{D76AD3EF-375C-4B57-9F27-C80D88ED2372}"
EndProject
Project("{FAE04EC0-301F-11D3-BF4B-00C04F79EFBC}") = "Outputs.Documents.Rendering", "src\Outputs.Documents.Rendering\Outputs.Documents.Rendering.csproj", "{D823D0F6-3BCA-4A4A-8C81-C10AACFB5C2A}"
EndProject
Project("{FAE04EC0-301F-11D3-BF4B-00C04F79EFBC}") = "Outputs.Documents.Templates.FSCD", "src\Outputs.Documents.Templates.FSCD\Outputs.Documents.Templates.FSCD.csproj", "{97F104A8-2F24-471A-9A24-1176ECAC6D63}"
EndProject
Project("{2150E333-8FDC-42A3-9474-1A3956D46DE8}") = "tests", "tests", "{0AB3BF05-4346-4AA6-1389-037BE0695223}"
EndProject
Project("{FAE04EC0-301F-11D3-BF4B-00C04F79EFBC}") = "Outputs.Documents.Rendering.Tests", "tests\Outputs.Documents.Rendering.Tests\Outputs.Documents.Rendering.Tests.csproj", "{0935E6E6-F873-4821-A1A9-99CC365E1B54}"
EndProject
Project("{FAE04EC0-301F-11D3-BF4B-00C04F79EFBC}") = "Outputs.Documents.Rendering.Iron", "src\Outputs.Documents.Rendering.Iron\Outputs.Documents.Rendering.Iron.csproj", "{09831373-794C-4791-814B-87A7CEFE1BEB}"
EndProject
Project("{FAE04EC0-301F-11D3-BF4B-00C04F79EFBC}") = "Outputs.Documents.Rendering.PdfSharp", "src\Outputs.Documents.Rendering.PdfSharp\Outputs.Documents.Rendering.PdfSharp.csproj", "{8CB961D2-EE95-4F10-9003-CCA59331249F}"
EndProject
Project("{FAE04EC0-301F-11D3-BF4B-00C04F79EFBC}") = "Outputs.Documents.Rendering.Iron.Tests", "tests\Outputs.Documents.Rendering.Iron.Tests\Outputs.Documents.Rendering.Iron.Tests.csproj", "{6B7A92E2-820B-4169-B294-42F939077C2F}"
EndProject
Project("{FAE04EC0-301F-11D3-BF4B-00C04F79EFBC}") = "Outputs.Documents.Rendering.PdfSharp.Tests", "tests\Outputs.Documents.Rendering.PdfSharp.Tests\Outputs.Documents.Rendering.PdfSharp.Tests.csproj", "{D8166C16-DEE8-4F55-B2D5-A2239280DC79}"
EndProject
Project("{FAE04EC0-301F-11D3-BF4B-00C04F79EFBC}") = "Outputs.Documents.Templates", "src\Outputs.Documents.Templates\Outputs.Documents.Templates.csproj", "{515242DF-6B14-4DEF-9862-E8713B79D5C8}"
EndProject
Project("{FAE04EC0-301F-11D3-BF4B-00C04F79EFBC}") = "Outputs.Documents.Templates.Doce", "src\Outputs.Documents.Templates.Doce\Outputs.Documents.Templates.Doce.csproj", "{F414CDFC-1CC3-4AC2-A08D-265298EC8329}"
EndProject
Project("{FAE04EC0-301F-11D3-BF4B-00C04F79EFBC}") = "Outputs.Documents.Templates.Doce.Tests", "tests\Outputs.Documents.Templates.Doce.Tests\Outputs.Documents.Templates.Doce.Tests.csproj", "{D73D14C9-606B-4B69-94C9-1FF9E7DA5520}"
EndProject
Project("{FAE04EC0-301F-11D3-BF4B-00C04F79EFBC}") = "Outputs.Documents.Preview.Abstractions", "src\Outputs.Documents.Preview.Abstractions\Outputs.Documents.Preview.Abstractions.csproj", "{7EE7559E-2966-4475-9424-EE83EE81C0FB}"
EndProject
Project("{FAE04EC0-301F-11D3-BF4B-00C04F79EFBC}") = "Outputs.Documents.Preview", "src\Outputs.Documents.Preview\Outputs.Documents.Preview.csproj", "{C162D326-5EFA-41A7-A3B1-AA9BBB0F43B1}"
EndProject
Project("{2150E333-8FDC-42A3-9474-1A3956D46DE8}") = "tools", "tools", "{07C2787E-EAC7-C090-1BA3-A61EC2A24D84}"
EndProject
Project("{FAE04EC0-301F-11D3-BF4B-00C04F79EFBC}") = "Outputs.Documents.PreviewHost", "tools\Outputs.Documents.PreviewHost\Outputs.Documents.PreviewHost.csproj", "{76D594B1-3076-4E0C-B6BF-8E4CFB157484}"
EndProject
Project("{FAE04EC0-301F-11D3-BF4B-00C04F79EFBC}") = "Outputs.Documents.Templates.Doce.Iron.IntegrationTests", "tests\Outputs.Documents.Templates.Doce.Iron.IntegrationTests\Outputs.Documents.Templates.Doce.Iron.IntegrationTests.csproj", "{62047BB4-F1A4-4796-9EE2-383E648794C6}"
EndProject
Project("{FAE04EC0-301F-11D3-BF4B-00C04F79EFBC}") = "Outputs.Documents.Templates.Doce.PdfSharp.IntegrationTests", "tests\Outputs.Documents.Templates.Doce.PdfSharp.IntegrationTests\Outputs.Documents.Templates.Doce.PdfSharp.IntegrationTests.csproj", "{F75707FB-44FE-4996-B0DB-3C3940C3899D}"
EndProject
Project("{FAE04EC0-301F-11D3-BF4B-00C04F79EFBC}") = "Outputs.Documents.Domain.VectorStore", "src\Outputs.Documents.Domain.VectorStore\Outputs.Documents.Domain.VectorStore.csproj", "{DB815E84-DD8D-4C23-A066-C1C564BFC6B2}"
EndProject
Project("{FAE04EC0-301F-11D3-BF4B-00C04F79EFBC}") = "Outputs.Documents.Domain.VectorStore.Tests", "tests\Outputs.Documents.Domain.VectorStore.Tests\Outputs.Documents.Domain.VectorStore.Tests.csproj", "{24BBE3B4-77A5-4363-9AD1-E36BDAAE6D62}"
EndProject
Project("{FAE04EC0-301F-11D3-BF4B-00C04F79EFBC}") = "Outputs.Documents.Domain.Tests", "tests\Outputs.Documents.Domain.Tests\Outputs.Documents.Domain.Tests.csproj", "{522019AE-DE8B-4B49-8748-37219895449A}"
EndProject
Project("{FAE04EC0-301F-11D3-BF4B-00C04F79EFBC}") = "Outputs.Documents.Domain.VectorStore.McpServer", "tools\Outputs.Documents.Domain.VectorStore.McpServer\Outputs.Documents.Domain.VectorStore.McpServer.csproj", "{E148E865-8A1B-45C8-BF43-12FA53E84419}"
EndProject
Global
	GlobalSection(SolutionConfigurationPlatforms) = preSolution
		Debug|Any CPU = Debug|Any CPU
		Debug|x64 = Debug|x64
		Debug|x86 = Debug|x86
		Release|Any CPU = Release|Any CPU
		Release|x64 = Release|x64
		Release|x86 = Release|x86
	EndGlobalSection
	GlobalSection(ProjectConfigurationPlatforms) = postSolution
		{EB4110F6-EB95-4703-BFB7-1F94D0FA3D28}.Debug|Any CPU.ActiveCfg = Debug|Any CPU
		{EB4110F6-EB95-4703-BFB7-1F94D0FA3D28}.Debug|Any CPU.Build.0 = Debug|Any CPU
		{EB4110F6-EB95-4703-BFB7-1F94D0FA3D28}.Debug|x64.ActiveCfg = Debug|Any CPU
		{EB4110F6-EB95-4703-BFB7-1F94D0FA3D28}.Debug|x64.Build.0 = Debug|Any CPU
		{EB4110F6-EB95-4703-BFB7-1F94D0FA3D28}.Debug|x86.ActiveCfg = Debug|Any CPU
		{EB4110F6-EB95-4703-BFB7-1F94D0FA3D28}.Debug|x86.Build.0 = Debug|Any CPU
		{EB4110F6-EB95-4703-BFB7-1F94D0FA3D28}.Release|Any CPU.ActiveCfg = Release|Any CPU
		{EB4110F6-EB95-4703-BFB7-1F94D0FA3D28}.Release|Any CPU.Build.0 = Release|Any CPU
		{EB4110F6-EB95-4703-BFB7-1F94D0FA3D28}.Release|x64.ActiveCfg = Release|Any CPU
		{EB4110F6-EB95-4703-BFB7-1F94D0FA3D28}.Release|x64.Build.0 = Release|Any CPU
		{EB4110F6-EB95-4703-BFB7-1F94D0FA3D28}.Release|x86.ActiveCfg = Release|Any CPU
		{EB4110F6-EB95-4703-BFB7-1F94D0FA3D28}.Release|x86.Build.0 = Release|Any CPU
		{D76AD3EF-375C-4B57-9F27-C80D88ED2372}.Debug|Any CPU.ActiveCfg = Debug|Any CPU
		{D76AD3EF-375C-4B57-9F27-C80D88ED2372}.Debug|Any CPU.Build.0 = Debug|Any CPU
		{D76AD3EF-375C-4B57-9F27-C80D88ED2372}.Debug|x64.ActiveCfg = Debug|Any CPU
		{D76AD3EF-375C-4B57-9F27-C80D88ED2372}.Debug|x64.Build.0 = Debug|Any CPU
		{D76AD3EF-375C-4B57-9F27-C80D88ED2372}.Debug|x86.ActiveCfg = Debug|Any CPU
		{D76AD3EF-375C-4B57-9F27-C80D88ED2372}.Debug|x86.Build.0 = Debug|Any CPU
		{D76AD3EF-375C-4B57-9F27-C80D88ED2372}.Release|Any CPU.ActiveCfg = Release|Any CPU
		{D76AD3EF-375C-4B57-9F27-C80D88ED2372}.Release|Any CPU.Build.0 = Release|Any CPU
		{D76AD3EF-375C-4B57-9F27-C80D88ED2372}.Release|x64.ActiveCfg = Release|Any CPU
		{D76AD3EF-375C-4B57-9F27-C80D88ED2372}.Release|x64.Build.0 = Release|Any CPU
		{D76AD3EF-375C-4B57-9F27-C80D88ED2372}.Release|x86.ActiveCfg = Release|Any CPU
		{D76AD3EF-375C-4B57-9F27-C80D88ED2372}.Release|x86.Build.0 = Release|Any CPU
		{D823D0F6-3BCA-4A4A-8C81-C10AACFB5C2A}.Debug|Any CPU.ActiveCfg = Debug|Any CPU
		{D823D0F6-3BCA-4A4A-8C81-C10AACFB5C2A}.Debug|Any CPU.Build.0 = Debug|Any CPU
		{D823D0F6-3BCA-4A4A-8C81-C10AACFB5C2A}.Debug|x64.ActiveCfg = Debug|Any CPU
		{D823D0F6-3BCA-4A4A-8C81-C10AACFB5C2A}.Debug|x64.Build.0 = Debug|Any CPU
		{D823D0F6-3BCA-4A4A-8C81-C10AACFB5C2A}.Debug|x86.ActiveCfg = Debug|Any CPU
		{D823D0F6-3BCA-4A4A-8C81-C10AACFB5C2A}.Debug|x86.Build.0 = Debug|Any CPU
		{D823D0F6-3BCA-4A4A-8C81-C10AACFB5C2A}.Release|Any CPU.ActiveCfg = Release|Any CPU
		{D823D0F6-3BCA-4A4A-8C81-C10AACFB5C2A}.Release|Any CPU.Build.0 = Release|Any CPU
		{D823D0F6-3BCA-4A4A-8C81-C10AACFB5C2A}.Release|x64.ActiveCfg = Release|Any CPU
		{D823D0F6-3BCA-4A4A-8C81-C10AACFB5C2A}.Release|x64.Build.0 = Release|Any CPU
		{D823D0F6-3BCA-4A4A-8C81-C10AACFB5C2A}.Release|x86.ActiveCfg = Release|Any CPU
		{D823D0F6-3BCA-4A4A-8C81-C10AACFB5C2A}.Release|x86.Build.0 = Release|Any CPU
		{97F104A8-2F24-471A-9A24-1176ECAC6D63}.Debug|Any CPU.ActiveCfg = Debug|Any CPU
		{97F104A8-2F24-471A-9A24-1176ECAC6D63}.Debug|Any CPU.Build.0 = Debug|Any CPU
		{97F104A8-2F24-471A-9A24-1176ECAC6D63}.Debug|x64.ActiveCfg = Debug|Any CPU
		{97F104A8-2F24-471A-9A24-1176ECAC6D63}.Debug|x64.Build.0 = Debug|Any CPU
		{97F104A8-2F24-471A-9A24-1176ECAC6D63}.Debug|x86.ActiveCfg = Debug|Any CPU
		{97F104A8-2F24-471A-9A24-1176ECAC6D63}.Debug|x86.Build.0 = Debug|Any CPU
		{97F104A8-2F24-471A-9A24-1176ECAC6D63}.Release|Any CPU.ActiveCfg = Release|Any CPU
		{97F104A8-2F24-471A-9A24-1176ECAC6D63}.Release|Any CPU.Build.0 = Release|Any CPU
		{97F104A8-2F24-471A-9A24-1176ECAC6D63}.Release|x64.ActiveCfg = Release|Any CPU
		{97F104A8-2F24-471A-9A24-1176ECAC6D63}.Release|x64.Build.0 = Release|Any CPU
		{97F104A8-2F24-471A-9A24-1176ECAC6D63}.Release|x86.ActiveCfg = Release|Any CPU
		{97F104A8-2F24-471A-9A24-1176ECAC6D63}.Release|x86.Build.0 = Release|Any CPU
		{0935E6E6-F873-4821-A1A9-99CC365E1B54}.Debug|Any CPU.ActiveCfg = Debug|Any CPU
		{0935E6E6-F873-4821-A1A9-99CC365E1B54}.Debug|Any CPU.Build.0 = Debug|Any CPU
		{0935E6E6-F873-4821-A1A9-99CC365E1B54}.Debug|x64.ActiveCfg = Debug|Any CPU
		{0935E6E6-F873-4821-A1A9-99CC365E1B54}.Debug|x64.Build.0 = Debug|Any CPU
		{0935E6E6-F873-4821-A1A9-99CC365E1B54}.Debug|x86.ActiveCfg = Debug|Any CPU
		{0935E6E6-F873-4821-A1A9-99CC365E1B54}.Debug|x86.Build.0 = Debug|Any CPU
		{0935E6E6-F873-4821-A1A9-99CC365E1B54}.Release|Any CPU.ActiveCfg = Release|Any CPU
		{0935E6E6-F873-4821-A1A9-99CC365E1B54}.Release|Any CPU.Build.0 = Release|Any CPU
		{0935E6E6-F873-4821-A1A9-99CC365E1B54}.Release|x64.ActiveCfg = Release|Any CPU
		{0935E6E6-F873-4821-A1A9-99CC365E1B54}.Release|x64.Build.0 = Release|Any CPU
		{0935E6E6-F873-4821-A1A9-99CC365E1B54}.Release|x86.ActiveCfg = Release|Any CPU
		{0935E6E6-F873-4821-A1A9-99CC365E1B54}.Release|x86.Build.0 = Release|Any CPU
		{09831373-794C-4791-814B-87A7CEFE1BEB}.Debug|Any CPU.ActiveCfg = Debug|Any CPU
		{09831373-794C-4791-814B-87A7CEFE1BEB}.Debug|Any CPU.Build.0 = Debug|Any CPU
		{09831373-794C-4791-814B-87A7CEFE1BEB}.Debug|x64.ActiveCfg = Debug|Any CPU
		{09831373-794C-4791-814B-87A7CEFE1BEB}.Debug|x64.Build.0 = Debug|Any CPU
		{09831373-794C-4791-814B-87A7CEFE1BEB}.Debug|x86.ActiveCfg = Debug|Any CPU
		{09831373-794C-4791-814B-87A7CEFE1BEB}.Debug|x86.Build.0 = Debug|Any CPU
		{09831373-794C-4791-814B-87A7CEFE1BEB}.Release|Any CPU.ActiveCfg = Release|Any CPU
		{09831373-794C-4791-814B-87A7CEFE1BEB}.Release|Any CPU.Build.0 = Release|Any CPU
		{09831373-794C-4791-814B-87A7CEFE1BEB}.Release|x64.ActiveCfg = Release|Any CPU
		{09831373-794C-4791-814B-87A7CEFE1BEB}.Release|x64.Build.0 = Release|Any CPU
		{09831373-794C-4791-814B-87A7CEFE1BEB}.Release|x86.ActiveCfg = Release|Any CPU
		{09831373-794C-4791-814B-87A7CEFE1BEB}.Release|x86.Build.0 = Release|Any CPU
		{8CB961D2-EE95-4F10-9003-CCA59331249F}.Debug|Any CPU.ActiveCfg = Debug|Any CPU
		{8CB961D2-EE95-4F10-9003-CCA59331249F}.Debug|Any CPU.Build.0 = Debug|Any CPU
		{8CB961D2-EE95-4F10-9003-CCA59331249F}.Debug|x64.ActiveCfg = Debug|Any CPU
		{8CB961D2-EE95-4F10-9003-CCA59331249F}.Debug|x64.Build.0 = Debug|Any CPU
		{8CB961D2-EE95-4F10-9003-CCA59331249F}.Debug|x86.ActiveCfg = Debug|Any CPU
		{8CB961D2-EE95-4F10-9003-CCA59331249F}.Debug|x86.Build.0 = Debug|Any CPU
		{8CB961D2-EE95-4F10-9003-CCA59331249F}.Release|Any CPU.ActiveCfg = Release|Any CPU
		{8CB961D2-EE95-4F10-9003-CCA59331249F}.Release|Any CPU.Build.0 = Release|Any CPU
		{8CB961D2-EE95-4F10-9003-CCA59331249F}.Release|x64.ActiveCfg = Release|Any CPU
		{8CB961D2-EE95-4F10-9003-CCA59331249F}.Release|x64.Build.0 = Release|Any CPU
		{8CB961D2-EE95-4F10-9003-CCA59331249F}.Release|x86.ActiveCfg = Release|Any CPU
		{8CB961D2-EE95-4F10-9003-CCA59331249F}.Release|x86.Build.0 = Release|Any CPU
		{6B7A92E2-820B-4169-B294-42F939077C2F}.Debug|Any CPU.ActiveCfg = Debug|Any CPU
		{6B7A92E2-820B-4169-B294-42F939077C2F}.Debug|Any CPU.Build.0 = Debug|Any CPU
		{6B7A92E2-820B-4169-B294-42F939077C2F}.Debug|x64.ActiveCfg = Debug|Any CPU
		{6B7A92E2-820B-4169-B294-42F939077C2F}.Debug|x64.Build.0 = Debug|Any CPU
		{6B7A92E2-820B-4169-B294-42F939077C2F}.Debug|x86.ActiveCfg = Debug|Any CPU
		{6B7A92E2-820B-4169-B294-42F939077C2F}.Debug|x86.Build.0 = Debug|Any CPU
		{6B7A92E2-820B-4169-B294-42F939077C2F}.Release|Any CPU.ActiveCfg = Release|Any CPU
		{6B7A92E2-820B-4169-B294-42F939077C2F}.Release|Any CPU.Build.0 = Release|Any CPU
		{6B7A92E2-820B-4169-B294-42F939077C2F}.Release|x64.ActiveCfg = Release|Any CPU
		{6B7A92E2-820B-4169-B294-42F939077C2F}.Release|x64.Build.0 = Release|Any CPU
		{6B7A92E2-820B-4169-B294-42F939077C2F}.Release|x86.ActiveCfg = Release|Any CPU
		{6B7A92E2-820B-4169-B294-42F939077C2F}.Release|x86.Build.0 = Release|Any CPU
		{D8166C16-DEE8-4F55-B2D5-A2239280DC79}.Debug|Any CPU.ActiveCfg = Debug|Any CPU
		{D8166C16-DEE8-4F55-B2D5-A2239280DC79}.Debug|Any CPU.Build.0 = Debug|Any CPU
		{D8166C16-DEE8-4F55-B2D5-A2239280DC79}.Debug|x64.ActiveCfg = Debug|Any CPU
		{D8166C16-DEE8-4F55-B2D5-A2239280DC79}.Debug|x64.Build.0 = Debug|Any CPU
		{D8166C16-DEE8-4F55-B2D5-A2239280DC79}.Debug|x86.ActiveCfg = Debug|Any CPU
		{D8166C16-DEE8-4F55-B2D5-A2239280DC79}.Debug|x86.Build.0 = Debug|Any CPU
		{D8166C16-DEE8-4F55-B2D5-A2239280DC79}.Release|Any CPU.ActiveCfg = Release|Any CPU
		{D8166C16-DEE8-4F55-B2D5-A2239280DC79}.Release|Any CPU.Build.0 = Release|Any CPU
		{D8166C16-DEE8-4F55-B2D5-A2239280DC79}.Release|x64.ActiveCfg = Release|Any CPU
		{D8166C16-DEE8-4F55-B2D5-A2239280DC79}.Release|x64.Build.0 = Release|Any CPU
		{D8166C16-DEE8-4F55-B2D5-A2239280DC79}.Release|x86.ActiveCfg = Release|Any CPU
		{D8166C16-DEE8-4F55-B2D5-A2239280DC79}.Release|x86.Build.0 = Release|Any CPU
		{515242DF-6B14-4DEF-9862-E8713B79D5C8}.Debug|Any CPU.ActiveCfg = Debug|Any CPU
		{515242DF-6B14-4DEF-9862-E8713B79D5C8}.Debug|Any CPU.Build.0 = Debug|Any CPU
		{515242DF-6B14-4DEF-9862-E8713B79D5C8}.Debug|x64.ActiveCfg = Debug|Any CPU
		{515242DF-6B14-4DEF-9862-E8713B79D5C8}.Debug|x64.Build.0 = Debug|Any CPU
		{515242DF-6B14-4DEF-9862-E8713B79D5C8}.Debug|x86.ActiveCfg = Debug|Any CPU
		{515242DF-6B14-4DEF-9862-E8713B79D5C8}.Debug|x86.Build.0 = Debug|Any CPU
		{515242DF-6B14-4DEF-9862-E8713B79D5C8}.Release|Any CPU.ActiveCfg = Release|Any CPU
		{515242DF-6B14-4DEF-9862-E8713B79D5C8}.Release|Any CPU.Build.0 = Release|Any CPU
		{515242DF-6B14-4DEF-9862-E8713B79D5C8}.Release|x64.ActiveCfg = Release|Any CPU
		{515242DF-6B14-4DEF-9862-E8713B79D5C8}.Release|x64.Build.0 = Release|Any CPU
		{515242DF-6B14-4DEF-9862-E8713B79D5C8}.Release|x86.ActiveCfg = Release|Any CPU
		{515242DF-6B14-4DEF-9862-E8713B79D5C8}.Release|x86.Build.0 = Release|Any CPU
		{F414CDFC-1CC3-4AC2-A08D-265298EC8329}.Debug|Any CPU.ActiveCfg = Debug|Any CPU
		{F414CDFC-1CC3-4AC2-A08D-265298EC8329}.Debug|Any CPU.Build.0 = Debug|Any CPU
		{F414CDFC-1CC3-4AC2-A08D-265298EC8329}.Debug|x64.ActiveCfg = Debug|Any CPU
		{F414CDFC-1CC3-4AC2-A08D-265298EC8329}.Debug|x64.Build.0 = Debug|Any CPU
		{F414CDFC-1CC3-4AC2-A08D-265298EC8329}.Debug|x86.ActiveCfg = Debug|Any CPU
		{F414CDFC-1CC3-4AC2-A08D-265298EC8329}.Debug|x86.Build.0 = Debug|Any CPU
		{F414CDFC-1CC3-4AC2-A08D-265298EC8329}.Release|Any CPU.ActiveCfg = Release|Any CPU
		{F414CDFC-1CC3-4AC2-A08D-265298EC8329}.Release|Any CPU.Build.0 = Release|Any CPU
		{F414CDFC-1CC3-4AC2-A08D-265298EC8329}.Release|x64.ActiveCfg = Release|Any CPU
		{F414CDFC-1CC3-4AC2-A08D-265298EC8329}.Release|x64.Build.0 = Release|Any CPU
		{F414CDFC-1CC3-4AC2-A08D-265298EC8329}.Release|x86.ActiveCfg = Release|Any CPU
		{F414CDFC-1CC3-4AC2-A08D-265298EC8329}.Release|x86.Build.0 = Release|Any CPU
		{D73D14C9-606B-4B69-94C9-1FF9E7DA5520}.Debug|Any CPU.ActiveCfg = Debug|Any CPU
		{D73D14C9-606B-4B69-94C9-1FF9E7DA5520}.Debug|Any CPU.Build.0 = Debug|Any CPU
		{D73D14C9-606B-4B69-94C9-1FF9E7DA5520}.Debug|x64.ActiveCfg = Debug|Any CPU
		{D73D14C9-606B-4B69-94C9-1FF9E7DA5520}.Debug|x64.Build.0 = Debug|Any CPU
		{D73D14C9-606B-4B69-94C9-1FF9E7DA5520}.Debug|x86.ActiveCfg = Debug|Any CPU
		{D73D14C9-606B-4B69-94C9-1FF9E7DA5520}.Debug|x86.Build.0 = Debug|Any CPU
		{D73D14C9-606B-4B69-94C9-1FF9E7DA5520}.Release|Any CPU.ActiveCfg = Release|Any CPU
		{D73D14C9-606B-4B69-94C9-1FF9E7DA5520}.Release|Any CPU.Build.0 = Release|Any CPU
		{D73D14C9-606B-4B69-94C9-1FF9E7DA5520}.Release|x64.ActiveCfg = Release|Any CPU
		{D73D14C9-606B-4B69-94C9-1FF9E7DA5520}.Release|x64.Build.0 = Release|Any CPU
		{D73D14C9-606B-4B69-94C9-1FF9E7DA5520}.Release|x86.ActiveCfg = Release|Any CPU
		{D73D14C9-606B-4B69-94C9-1FF9E7DA5520}.Release|x86.Build.0 = Release|Any CPU
		{7EE7559E-2966-4475-9424-EE83EE81C0FB}.Debug|Any CPU.ActiveCfg = Debug|Any CPU
		{7EE7559E-2966-4475-9424-EE83EE81C0FB}.Debug|Any CPU.Build.0 = Debug|Any CPU
		{7EE7559E-2966-4475-9424-EE83EE81C0FB}.Debug|x64.ActiveCfg = Debug|Any CPU
		{7EE7559E-2966-4475-9424-EE83EE81C0FB}.Debug|x64.Build.0 = Debug|Any CPU
		{7EE7559E-2966-4475-9424-EE83EE81C0FB}.Debug|x86.ActiveCfg = Debug|Any CPU
		{7EE7559E-2966-4475-9424-EE83EE81C0FB}.Debug|x86.Build.0 = Debug|Any CPU
		{7EE7559E-2966-4475-9424-EE83EE81C0FB}.Release|Any CPU.ActiveCfg = Release|Any CPU
		{7EE7559E-2966-4475-9424-EE83EE81C0FB}.Release|Any CPU.Build.0 = Release|Any CPU
		{7EE7559E-2966-4475-9424-EE83EE81C0FB}.Release|x64.ActiveCfg = Release|Any CPU
		{7EE7559E-2966-4475-9424-EE83EE81C0FB}.Release|x64.Build.0 = Release|Any CPU
		{7EE7559E-2966-4475-9424-EE83EE81C0FB}.Release|x86.ActiveCfg = Release|Any CPU
		{7EE7559E-2966-4475-9424-EE83EE81C0FB}.Release|x86.Build.0 = Release|Any CPU
		{C162D326-5EFA-41A7-A3B1-AA9BBB0F43B1}.Debug|Any CPU.ActiveCfg = Debug|Any CPU
		{C162D326-5EFA-41A7-A3B1-AA9BBB0F43B1}.Debug|Any CPU.Build.0 = Debug|Any CPU
		{C162D326-5EFA-41A7-A3B1-AA9BBB0F43B1}.Debug|x64.ActiveCfg = Debug|Any CPU
		{C162D326-5EFA-41A7-A3B1-AA9BBB0F43B1}.Debug|x64.Build.0 = Debug|Any CPU
		{C162D326-5EFA-41A7-A3B1-AA9BBB0F43B1}.Debug|x86.ActiveCfg = Debug|Any CPU
		{C162D326-5EFA-41A7-A3B1-AA9BBB0F43B1}.Debug|x86.Build.0 = Debug|Any CPU
		{C162D326-5EFA-41A7-A3B1-AA9BBB0F43B1}.Release|Any CPU.ActiveCfg = Release|Any CPU
		{C162D326-5EFA-41A7-A3B1-AA9BBB0F43B1}.Release|Any CPU.Build.0 = Release|Any CPU
		{C162D326-5EFA-41A7-A3B1-AA9BBB0F43B1}.Release|x64.ActiveCfg = Release|Any CPU
		{C162D326-5EFA-41A7-A3B1-AA9BBB0F43B1}.Release|x64.Build.0 = Release|Any CPU
		{C162D326-5EFA-41A7-A3B1-AA9BBB0F43B1}.Release|x86.ActiveCfg = Release|Any CPU
		{C162D326-5EFA-41A7-A3B1-AA9BBB0F43B1}.Release|x86.Build.0 = Release|Any CPU
		{76D594B1-3076-4E0C-B6BF-8E4CFB157484}.Debug|Any CPU.ActiveCfg = Debug|Any CPU
		{76D594B1-3076-4E0C-B6BF-8E4CFB157484}.Debug|Any CPU.Build.0 = Debug|Any CPU
		{76D594B1-3076-4E0C-B6BF-8E4CFB157484}.Debug|x64.ActiveCfg = Debug|Any CPU
		{76D594B1-3076-4E0C-B6BF-8E4CFB157484}.Debug|x64.Build.0 = Debug|Any CPU
		{76D594B1-3076-4E0C-B6BF-8E4CFB157484}.Debug|x86.ActiveCfg = Debug|Any CPU
		{76D594B1-3076-4E0C-B6BF-8E4CFB157484}.Debug|x86.Build.0 = Debug|Any CPU
		{76D594B1-3076-4E0C-B6BF-8E4CFB157484}.Release|Any CPU.ActiveCfg = Release|Any CPU
		{76D594B1-3076-4E0C-B6BF-8E4CFB157484}.Release|Any CPU.Build.0 = Release|Any CPU
		{76D594B1-3076-4E0C-B6BF-8E4CFB157484}.Release|x64.ActiveCfg = Release|Any CPU
		{76D594B1-3076-4E0C-B6BF-8E4CFB157484}.Release|x64.Build.0 = Release|Any CPU
		{76D594B1-3076-4E0C-B6BF-8E4CFB157484}.Release|x86.ActiveCfg = Release|Any CPU
		{76D594B1-3076-4E0C-B6BF-8E4CFB157484}.Release|x86.Build.0 = Release|Any CPU
		{62047BB4-F1A4-4796-9EE2-383E648794C6}.Debug|Any CPU.ActiveCfg = Debug|Any CPU
		{62047BB4-F1A4-4796-9EE2-383E648794C6}.Debug|Any CPU.Build.0 = Debug|Any CPU
		{62047BB4-F1A4-4796-9EE2-383E648794C6}.Debug|x64.ActiveCfg = Debug|Any CPU
		{62047BB4-F1A4-4796-9EE2-383E648794C6}.Debug|x64.Build.0 = Debug|Any CPU
		{62047BB4-F1A4-4796-9EE2-383E648794C6}.Debug|x86.ActiveCfg = Debug|Any CPU
		{62047BB4-F1A4-4796-9EE2-383E648794C6}.Debug|x86.Build.0 = Debug|Any CPU
		{62047BB4-F1A4-4796-9EE2-383E648794C6}.Release|Any CPU.ActiveCfg = Release|Any CPU
		{62047BB4-F1A4-4796-9EE2-383E648794C6}.Release|Any CPU.Build.0 = Release|Any CPU
		{62047BB4-F1A4-4796-9EE2-383E648794C6}.Release|x64.ActiveCfg = Release|Any CPU
		{62047BB4-F1A4-4796-9EE2-383E648794C6}.Release|x64.Build.0 = Release|Any CPU
		{62047BB4-F1A4-4796-9EE2-383E648794C6}.Release|x86.ActiveCfg = Release|Any CPU
		{62047BB4-F1A4-4796-9EE2-383E648794C6}.Release|x86.Build.0 = Release|Any CPU
		{F75707FB-44FE-4996-B0DB-3C3940C3899D}.Debug|Any CPU.ActiveCfg = Debug|Any CPU
		{F75707FB-44FE-4996-B0DB-3C3940C3899D}.Debug|Any CPU.Build.0 = Debug|Any CPU
		{F75707FB-44FE-4996-B0DB-3C3940C3899D}.Debug|x64.ActiveCfg = Debug|Any CPU
		{F75707FB-44FE-4996-B0DB-3C3940C3899D}.Debug|x64.Build.0 = Debug|Any CPU
		{F75707FB-44FE-4996-B0DB-3C3940C3899D}.Debug|x86.ActiveCfg = Debug|Any CPU
		{F75707FB-44FE-4996-B0DB-3C3940C3899D}.Debug|x86.Build.0 = Debug|Any CPU
		{F75707FB-44FE-4996-B0DB-3C3940C3899D}.Release|Any CPU.ActiveCfg = Release|Any CPU
		{F75707FB-44FE-4996-B0DB-3C3940C3899D}.Release|Any CPU.Build.0 = Release|Any CPU
		{F75707FB-44FE-4996-B0DB-3C3940C3899D}.Release|x64.ActiveCfg = Release|Any CPU
		{F75707FB-44FE-4996-B0DB-3C3940C3899D}.Release|x64.Build.0 = Release|Any CPU
		{F75707FB-44FE-4996-B0DB-3C3940C3899D}.Release|x86.ActiveCfg = Release|Any CPU
		{F75707FB-44FE-4996-B0DB-3C3940C3899D}.Release|x86.Build.0 = Release|Any CPU
		{DB815E84-DD8D-4C23-A066-C1C564BFC6B2}.Debug|Any CPU.ActiveCfg = Debug|Any CPU
		{DB815E84-DD8D-4C23-A066-C1C564BFC6B2}.Debug|Any CPU.Build.0 = Debug|Any CPU
		{DB815E84-DD8D-4C23-A066-C1C564BFC6B2}.Debug|x64.ActiveCfg = Debug|Any CPU
		{DB815E84-DD8D-4C23-A066-C1C564BFC6B2}.Debug|x64.Build.0 = Debug|Any CPU
		{DB815E84-DD8D-4C23-A066-C1C564BFC6B2}.Debug|x86.ActiveCfg = Debug|Any CPU
		{DB815E84-DD8D-4C23-A066-C1C564BFC6B2}.Debug|x86.Build.0 = Debug|Any CPU
		{DB815E84-DD8D-4C23-A066-C1C564BFC6B2}.Release|Any CPU.ActiveCfg = Release|Any CPU
		{DB815E84-DD8D-4C23-A066-C1C564BFC6B2}.Release|Any CPU.Build.0 = Release|Any CPU
		{DB815E84-DD8D-4C23-A066-C1C564BFC6B2}.Release|x64.ActiveCfg = Release|Any CPU
		{DB815E84-DD8D-4C23-A066-C1C564BFC6B2}.Release|x64.Build.0 = Release|Any CPU
		{DB815E84-DD8D-4C23-A066-C1C564BFC6B2}.Release|x86.ActiveCfg = Release|Any CPU
		{DB815E84-DD8D-4C23-A066-C1C564BFC6B2}.Release|x86.Build.0 = Release|Any CPU
		{24BBE3B4-77A5-4363-9AD1-E36BDAAE6D62}.Debug|Any CPU.ActiveCfg = Debug|Any CPU
		{24BBE3B4-77A5-4363-9AD1-E36BDAAE6D62}.Debug|Any CPU.Build.0 = Debug|Any CPU
		{24BBE3B4-77A5-4363-9AD1-E36BDAAE6D62}.Debug|x64.ActiveCfg = Debug|Any CPU
		{24BBE3B4-77A5-4363-9AD1-E36BDAAE6D62}.Debug|x64.Build.0 = Debug|Any CPU
		{24BBE3B4-77A5-4363-9AD1-E36BDAAE6D62}.Debug|x86.ActiveCfg = Debug|Any CPU
		{24BBE3B4-77A5-4363-9AD1-E36BDAAE6D62}.Debug|x86.Build.0 = Debug|Any CPU
		{24BBE3B4-77A5-4363-9AD1-E36BDAAE6D62}.Release|Any CPU.ActiveCfg = Release|Any CPU
		{24BBE3B4-77A5-4363-9AD1-E36BDAAE6D62}.Release|Any CPU.Build.0 = Release|Any CPU
		{24BBE3B4-77A5-4363-9AD1-E36BDAAE6D62}.Release|x64.ActiveCfg = Release|Any CPU
		{24BBE3B4-77A5-4363-9AD1-E36BDAAE6D62}.Release|x64.Build.0 = Release|Any CPU
		{24BBE3B4-77A5-4363-9AD1-E36BDAAE6D62}.Release|x86.ActiveCfg = Release|Any CPU
		{24BBE3B4-77A5-4363-9AD1-E36BDAAE6D62}.Release|x86.Build.0 = Release|Any CPU
		{522019AE-DE8B-4B49-8748-37219895449A}.Debug|Any CPU.ActiveCfg = Debug|Any CPU
		{522019AE-DE8B-4B49-8748-37219895449A}.Debug|Any CPU.Build.0 = Debug|Any CPU
		{522019AE-DE8B-4B49-8748-37219895449A}.Debug|x64.ActiveCfg = Debug|Any CPU
		{522019AE-DE8B-4B49-8748-37219895449A}.Debug|x64.Build.0 = Debug|Any CPU
		{522019AE-DE8B-4B49-8748-37219895449A}.Debug|x86.ActiveCfg = Debug|Any CPU
		{522019AE-DE8B-4B49-8748-37219895449A}.Debug|x86.Build.0 = Debug|Any CPU
		{522019AE-DE8B-4B49-8748-37219895449A}.Release|Any CPU.ActiveCfg = Release|Any CPU
		{522019AE-DE8B-4B49-8748-37219895449A}.Release|Any CPU.Build.0 = Release|Any CPU
		{522019AE-DE8B-4B49-8748-37219895449A}.Release|x64.ActiveCfg = Release|Any CPU
		{522019AE-DE8B-4B49-8748-37219895449A}.Release|x64.Build.0 = Release|Any CPU
		{522019AE-DE8B-4B49-8748-37219895449A}.Release|x86.ActiveCfg = Release|Any CPU
		{522019AE-DE8B-4B49-8748-37219895449A}.Release|x86.Build.0 = Release|Any CPU
		{E148E865-8A1B-45C8-BF43-12FA53E84419}.Debug|Any CPU.ActiveCfg = Debug|Any CPU
		{E148E865-8A1B-45C8-BF43-12FA53E84419}.Debug|Any CPU.Build.0 = Debug|Any CPU
		{E148E865-8A1B-45C8-BF43-12FA53E84419}.Debug|x64.ActiveCfg = Debug|Any CPU
		{E148E865-8A1B-45C8-BF43-12FA53E84419}.Debug|x64.Build.0 = Debug|Any CPU
		{E148E865-8A1B-45C8-BF43-12FA53E84419}.Debug|x86.ActiveCfg = Debug|Any CPU
		{E148E865-8A1B-45C8-BF43-12FA53E84419}.Debug|x86.Build.0 = Debug|Any CPU
		{E148E865-8A1B-45C8-BF43-12FA53E84419}.Release|Any CPU.ActiveCfg = Release|Any CPU
		{E148E865-8A1B-45C8-BF43-12FA53E84419}.Release|Any CPU.Build.0 = Release|Any CPU
		{E148E865-8A1B-45C8-BF43-12FA53E84419}.Release|x64.ActiveCfg = Release|Any CPU
		{E148E865-8A1B-45C8-BF43-12FA53E84419}.Release|x64.Build.0 = Release|Any CPU
		{E148E865-8A1B-45C8-BF43-12FA53E84419}.Release|x86.ActiveCfg = Release|Any CPU
		{E148E865-8A1B-45C8-BF43-12FA53E84419}.Release|x86.Build.0 = Release|Any CPU
	EndGlobalSection
	GlobalSection(SolutionProperties) = preSolution
		HideSolutionNode = FALSE
	EndGlobalSection
	GlobalSection(NestedProjects) = preSolution
		{EB4110F6-EB95-4703-BFB7-1F94D0FA3D28} = {827E0CD3-B72D-47B6-A68D-7590B98EB39B}
		{D76AD3EF-375C-4B57-9F27-C80D88ED2372} = {827E0CD3-B72D-47B6-A68D-7590B98EB39B}
		{D823D0F6-3BCA-4A4A-8C81-C10AACFB5C2A} = {827E0CD3-B72D-47B6-A68D-7590B98EB39B}
		{97F104A8-2F24-471A-9A24-1176ECAC6D63} = {827E0CD3-B72D-47B6-A68D-7590B98EB39B}
		{0935E6E6-F873-4821-A1A9-99CC365E1B54} = {0AB3BF05-4346-4AA6-1389-037BE0695223}
		{09831373-794C-4791-814B-87A7CEFE1BEB} = {827E0CD3-B72D-47B6-A68D-7590B98EB39B}
		{8CB961D2-EE95-4F10-9003-CCA59331249F} = {827E0CD3-B72D-47B6-A68D-7590B98EB39B}
		{6B7A92E2-820B-4169-B294-42F939077C2F} = {0AB3BF05-4346-4AA6-1389-037BE0695223}
		{D8166C16-DEE8-4F55-B2D5-A2239280DC79} = {0AB3BF05-4346-4AA6-1389-037BE0695223}
		{515242DF-6B14-4DEF-9862-E8713B79D5C8} = {827E0CD3-B72D-47B6-A68D-7590B98EB39B}
		{F414CDFC-1CC3-4AC2-A08D-265298EC8329} = {827E0CD3-B72D-47B6-A68D-7590B98EB39B}
		{D73D14C9-606B-4B69-94C9-1FF9E7DA5520} = {0AB3BF05-4346-4AA6-1389-037BE0695223}
		{7EE7559E-2966-4475-9424-EE83EE81C0FB} = {827E0CD3-B72D-47B6-A68D-7590B98EB39B}
		{C162D326-5EFA-41A7-A3B1-AA9BBB0F43B1} = {827E0CD3-B72D-47B6-A68D-7590B98EB39B}
		{76D594B1-3076-4E0C-B6BF-8E4CFB157484} = {07C2787E-EAC7-C090-1BA3-A61EC2A24D84}
		{62047BB4-F1A4-4796-9EE2-383E648794C6} = {0AB3BF05-4346-4AA6-1389-037BE0695223}
		{F75707FB-44FE-4996-B0DB-3C3940C3899D} = {0AB3BF05-4346-4AA6-1389-037BE0695223}
		{DB815E84-DD8D-4C23-A066-C1C564BFC6B2} = {827E0CD3-B72D-47B6-A68D-7590B98EB39B}
		{24BBE3B4-77A5-4363-9AD1-E36BDAAE6D62} = {0AB3BF05-4346-4AA6-1389-037BE0695223}
		{522019AE-DE8B-4B49-8748-37219895449A} = {0AB3BF05-4346-4AA6-1389-037BE0695223}
		{E148E865-8A1B-45C8-BF43-12FA53E84419} = {07C2787E-EAC7-C090-1BA3-A61EC2A24D84}
	EndGlobalSection
EndGlobal
