
Microsoft Visual Studio Solution File, Format Version 12.00
# Visual Studio Version 17
VisualStudioVersion = 17.0.31903.59
MinimumVisualStudioVersion = 10.0.40219.1
Project("{2150E333-8FDC-42A3-9474-1A3956D46DE8}") = "src", "src", "{827E0CD3-B72D-47B6-A68D-7590B98EB39B}"
EndProject
Project("{FAE04EC0-301F-11D3-BF4B-00C04F79EFBC}") = "Outputs.Documents.Domain", "src\Outputs.Documents.Domain\Outputs.Documents.Domain.csproj", "{EB4110F6-EB95-4703-BFB7-1F94D0FA3D28}"
EndProject
Project("{FAE04EC0-301F-11D3-BF4B-00C04F79EFBC}") = "Outputs.Documents.Abstractions", "src\Outputs.Documents.Abstractions\Outputs.Documents.Abstractions.csproj", "{D76AD3EF-375C-4B57-9F27-C80D88ED2372}"
EndProject
Project("{FAE04EC0-301F-11D3-BF4B-00C04F79EFBC}") = "Outputs.Documents.Rendering", "src\Outputs.Documents.Rendering\Outputs.Documents.Rendering.csproj", "{D823D0F6-3BCA-4A4A-8C81-C10AACFB5C2A}"
EndProject
Project("{FAE04EC0-301F-11D3-BF4B-00C04F79EFBC}") = "Outputs.Documents.Templates.FSCD", "src\Outputs.Documents.Templates.FSCD\Outputs.Documents.Templates.FSCD.csproj", "{97F104A8-2F24-471A-9A24-1176ECAC6D63}"
EndProject
Project("{2150E333-8FDC-42A3-9474-1A3956D46DE8}") = "tests", "tests", "{0AB3BF05-4346-4AA6-1389-037BE0695223}"
EndProject
Project("{FAE04EC0-301F-11D3-BF4B-00C04F79EFBC}") = "Outputs.Documents.Rendering.Tests", "tests\Outputs.Documents.Rendering.Tests\Outputs.Documents.Rendering.Tests.csproj", "{0935E6E6-F873-4821-A1A9-99CC365E1B54}"
EndProject
Project("{FAE04EC0-301F-11D3-BF4B-00C04F79EFBC}") = "Outputs.Documents.Rendering.Iron", "src\Outputs.Documents.Rendering.Iron\Outputs.Documents.Rendering.Iron.csproj", "{09831373-794C-4791-814B-87A7CEFE1BEB}"
EndProject
Project("{FAE04EC0-301F-11D3-BF4B-00C04F79EFBC}") = "Outputs.Documents.Rendering.Iron.Tests", "tests\Outputs.Documents.Rendering.Iron.Tests\Outputs.Documents.Rendering.Iron.Tests.csproj", "{6B7A92E2-820B-4169-B294-42F939077C2F}"
EndProject
Project("{FAE04EC0-301F-11D3-BF4B-00C04F79EFBC}") = "Outputs.Documents.Templates", "src\Outputs.Documents.Templates\Outputs.Documents.Templates.csproj", "{515242DF-6B14-4DEF-9862-E8713B79D5C8}"
EndProject
Project("{2150E333-8FDC-42A3-9474-1A3956D46DE8}") = "tools", "tools", "{07C2787E-EAC7-C090-1BA3-A61EC2A24D84}"
EndProject
Project("{FAE04EC0-301F-11D3-BF4B-00C04F79EFBC}") = "Outputs.Documents.Domain.VectorStore.Tests", "tests\Outputs.Documents.Domain.VectorStore.Tests\Outputs.Documents.Domain.VectorStore.Tests.csproj", "{24BBE3B4-77A5-4363-9AD1-E36BDAAE6D62}"
EndProject
Project("{FAE04EC0-301F-11D3-BF4B-00C04F79EFBC}") = "Outputs.Documents.Domain.Tests", "tests\Outputs.Documents.Domain.Tests\Outputs.Documents.Domain.Tests.csproj", "{522019AE-DE8B-4B49-8748-37219895449A}"
EndProject
Project("{FAE04EC0-301F-11D3-BF4B-00C04F79EFBC}") = "Outputs.Documents.Domain.VectorStore", "tools\Outputs.Documents.Domain.VectorStore\Outputs.Documents.Domain.VectorStore.csproj", "{47B878E0-6EA2-4A15-B473-068832744974}"
EndProject
Project("{2150E333-8FDC-42A3-9474-1A3956D46DE8}") = "apps", "apps", "{1787FE1D-075E-9E68-7218-25F1BD1BBEAB}"
EndProject
Project("{FAE04EC0-301F-11D3-BF4B-00C04F79EFBC}") = "Outputs.Documents.Domain.VectorStore.McpServer", "apps\Outputs.Documents.Domain.VectorStore.McpServer\Outputs.Documents.Domain.VectorStore.McpServer.csproj", "{3DD603E5-79CE-407A-A43D-0FB4D91887A3}"
EndProject
Project("{FAE04EC0-301F-11D3-BF4B-00C04F79EFBC}") = "Outputs.Documents.Dashboard", "apps\Outputs.Documents.Dashboard\Outputs.Documents.Dashboard.csproj", "{5CC42030-9D58-4795-9B90-C41854019C18}"
EndProject
Project("{FAE04EC0-301F-11D3-BF4B-00C04F79EFBC}") = "Outputs.Documents.Templates.DOCE", "src\Outputs.Documents.Templates.DOCE\Outputs.Documents.Templates.DOCE.csproj", "{B304E4C4-A7BE-442B-9EC2-F3DA93683698}"
EndProject
Project("{FAE04EC0-301F-11D3-BF4B-00C04F79EFBC}") = "Outputs.Documents.Templates.DOCE.Tests", "tests\Outputs.Documents.Templates.DOCE.Tests\Outputs.Documents.Templates.DOCE.Tests.csproj", "{8BF87A69-862D-463E-9106-E996B71FCC34}"
EndProject
Project("{FAE04EC0-301F-11D3-BF4B-00C04F79EFBC}") = "Outputs.Documents.Domain.Samples", "src\Outputs.Documents.Domain.Samples\Outputs.Documents.Domain.Samples.csproj", "{D500EFFF-C928-475A-9021-E3EB2DE97F8F}"
EndProject
Global
	GlobalSection(SolutionConfigurationPlatforms) = preSolution
		Debug|Any CPU = Debug|Any CPU
		Debug|x64 = Debug|x64
		Debug|x86 = Debug|x86
		Release|Any CPU = Release|Any CPU
		Release|x64 = Release|x64
		Release|x86 = Release|x86
	EndGlobalSection
	GlobalSection(ProjectConfigurationPlatforms) = postSolution
		{EB4110F6-EB95-4703-BFB7-1F94D0FA3D28}.Debug|Any CPU.ActiveCfg = Debug|Any CPU
		{EB4110F6-EB95-4703-BFB7-1F94D0FA3D28}.Debug|Any CPU.Build.0 = Debug|Any CPU
		{EB4110F6-EB95-4703-BFB7-1F94D0FA3D28}.Debug|x64.ActiveCfg = Debug|Any CPU
		{EB4110F6-EB95-4703-BFB7-1F94D0FA3D28}.Debug|x64.Build.0 = Debug|Any CPU
		{EB4110F6-EB95-4703-BFB7-1F94D0FA3D28}.Debug|x86.ActiveCfg = Debug|Any CPU
		{EB4110F6-EB95-4703-BFB7-1F94D0FA3D28}.Debug|x86.Build.0 = Debug|Any CPU
		{EB4110F6-EB95-4703-BFB7-1F94D0FA3D28}.Release|Any CPU.ActiveCfg = Release|Any CPU
		{EB4110F6-EB95-4703-BFB7-1F94D0FA3D28}.Release|Any CPU.Build.0 = Release|Any CPU
		{EB4110F6-EB95-4703-BFB7-1F94D0FA3D28}.Release|x64.ActiveCfg = Release|Any CPU
		{EB4110F6-EB95-4703-BFB7-1F94D0FA3D28}.Release|x64.Build.0 = Release|Any CPU
		{EB4110F6-EB95-4703-BFB7-1F94D0FA3D28}.Release|x86.ActiveCfg = Release|Any CPU
		{EB4110F6-EB95-4703-BFB7-1F94D0FA3D28}.Release|x86.Build.0 = Release|Any CPU
		{D76AD3EF-375C-4B57-9F27-C80D88ED2372}.Debug|Any CPU.ActiveCfg = Debug|Any CPU
		{D76AD3EF-375C-4B57-9F27-C80D88ED2372}.Debug|Any CPU.Build.0 = Debug|Any CPU
		{D76AD3EF-375C-4B57-9F27-C80D88ED2372}.Debug|x64.ActiveCfg = Debug|Any CPU
		{D76AD3EF-375C-4B57-9F27-C80D88ED2372}.Debug|x64.Build.0 = Debug|Any CPU
		{D76AD3EF-375C-4B57-9F27-C80D88ED2372}.Debug|x86.ActiveCfg = Debug|Any CPU
		{D76AD3EF-375C-4B57-9F27-C80D88ED2372}.Debug|x86.Build.0 = Debug|Any CPU
		{D76AD3EF-375C-4B57-9F27-C80D88ED2372}.Release|Any CPU.ActiveCfg = Release|Any CPU
		{D76AD3EF-375C-4B57-9F27-C80D88ED2372}.Release|Any CPU.Build.0 = Release|Any CPU
		{D76AD3EF-375C-4B57-9F27-C80D88ED2372}.Release|x64.ActiveCfg = Release|Any CPU
		{D76AD3EF-375C-4B57-9F27-C80D88ED2372}.Release|x64.Build.0 = Release|Any CPU
		{D76AD3EF-375C-4B57-9F27-C80D88ED2372}.Release|x86.ActiveCfg = Release|Any CPU
		{D76AD3EF-375C-4B57-9F27-C80D88ED2372}.Release|x86.Build.0 = Release|Any CPU
		{D823D0F6-3BCA-4A4A-8C81-C10AACFB5C2A}.Debug|Any CPU.ActiveCfg = Debug|Any CPU
		{D823D0F6-3BCA-4A4A-8C81-C10AACFB5C2A}.Debug|Any CPU.Build.0 = Debug|Any CPU
		{D823D0F6-3BCA-4A4A-8C81-C10AACFB5C2A}.Debug|x64.ActiveCfg = Debug|Any CPU
		{D823D0F6-3BCA-4A4A-8C81-C10AACFB5C2A}.Debug|x64.Build.0 = Debug|Any CPU
		{D823D0F6-3BCA-4A4A-8C81-C10AACFB5C2A}.Debug|x86.ActiveCfg = Debug|Any CPU
		{D823D0F6-3BCA-4A4A-8C81-C10AACFB5C2A}.Debug|x86.Build.0 = Debug|Any CPU
		{D823D0F6-3BCA-4A4A-8C81-C10AACFB5C2A}.Release|Any CPU.ActiveCfg = Release|Any CPU
		{D823D0F6-3BCA-4A4A-8C81-C10AACFB5C2A}.Release|Any CPU.Build.0 = Release|Any CPU
		{D823D0F6-3BCA-4A4A-8C81-C10AACFB5C2A}.Release|x64.ActiveCfg = Release|Any CPU
		{D823D0F6-3BCA-4A4A-8C81-C10AACFB5C2A}.Release|x64.Build.0 = Release|Any CPU
		{D823D0F6-3BCA-4A4A-8C81-C10AACFB5C2A}.Release|x86.ActiveCfg = Release|Any CPU
		{D823D0F6-3BCA-4A4A-8C81-C10AACFB5C2A}.Release|x86.Build.0 = Release|Any CPU
		{97F104A8-2F24-471A-9A24-1176ECAC6D63}.Debug|Any CPU.ActiveCfg = Debug|Any CPU
		{97F104A8-2F24-471A-9A24-1176ECAC6D63}.Debug|Any CPU.Build.0 = Debug|Any CPU
		{97F104A8-2F24-471A-9A24-1176ECAC6D63}.Debug|x64.ActiveCfg = Debug|Any CPU
		{97F104A8-2F24-471A-9A24-1176ECAC6D63}.Debug|x64.Build.0 = Debug|Any CPU
		{97F104A8-2F24-471A-9A24-1176ECAC6D63}.Debug|x86.ActiveCfg = Debug|Any CPU
		{97F104A8-2F24-471A-9A24-1176ECAC6D63}.Debug|x86.Build.0 = Debug|Any CPU
		{97F104A8-2F24-471A-9A24-1176ECAC6D63}.Release|Any CPU.ActiveCfg = Release|Any CPU
		{97F104A8-2F24-471A-9A24-1176ECAC6D63}.Release|Any CPU.Build.0 = Release|Any CPU
		{97F104A8-2F24-471A-9A24-1176ECAC6D63}.Release|x64.ActiveCfg = Release|Any CPU
		{97F104A8-2F24-471A-9A24-1176ECAC6D63}.Release|x64.Build.0 = Release|Any CPU
		{97F104A8-2F24-471A-9A24-1176ECAC6D63}.Release|x86.ActiveCfg = Release|Any CPU
		{97F104A8-2F24-471A-9A24-1176ECAC6D63}.Release|x86.Build.0 = Release|Any CPU
		{0935E6E6-F873-4821-A1A9-99CC365E1B54}.Debug|Any CPU.ActiveCfg = Debug|Any CPU
		{0935E6E6-F873-4821-A1A9-99CC365E1B54}.Debug|Any CPU.Build.0 = Debug|Any CPU
		{0935E6E6-F873-4821-A1A9-99CC365E1B54}.Debug|x64.ActiveCfg = Debug|Any CPU
		{0935E6E6-F873-4821-A1A9-99CC365E1B54}.Debug|x64.Build.0 = Debug|Any CPU
		{0935E6E6-F873-4821-A1A9-99CC365E1B54}.Debug|x86.ActiveCfg = Debug|Any CPU
		{0935E6E6-F873-4821-A1A9-99CC365E1B54}.Debug|x86.Build.0 = Debug|Any CPU
		{0935E6E6-F873-4821-A1A9-99CC365E1B54}.Release|Any CPU.ActiveCfg = Release|Any CPU
		{0935E6E6-F873-4821-A1A9-99CC365E1B54}.Release|Any CPU.Build.0 = Release|Any CPU
		{0935E6E6-F873-4821-A1A9-99CC365E1B54}.Release|x64.ActiveCfg = Release|Any CPU
		{0935E6E6-F873-4821-A1A9-99CC365E1B54}.Release|x64.Build.0 = Release|Any CPU
		{0935E6E6-F873-4821-A1A9-99CC365E1B54}.Release|x86.ActiveCfg = Release|Any CPU
		{0935E6E6-F873-4821-A1A9-99CC365E1B54}.Release|x86.Build.0 = Release|Any CPU
		{09831373-794C-4791-814B-87A7CEFE1BEB}.Debug|Any CPU.ActiveCfg = Debug|Any CPU
		{09831373-794C-4791-814B-87A7CEFE1BEB}.Debug|Any CPU.Build.0 = Debug|Any CPU
		{09831373-794C-4791-814B-87A7CEFE1BEB}.Debug|x64.ActiveCfg = Debug|Any CPU
		{09831373-794C-4791-814B-87A7CEFE1BEB}.Debug|x64.Build.0 = Debug|Any CPU
		{09831373-794C-4791-814B-87A7CEFE1BEB}.Debug|x86.ActiveCfg = Debug|Any CPU
		{09831373-794C-4791-814B-87A7CEFE1BEB}.Debug|x86.Build.0 = Debug|Any CPU
		{09831373-794C-4791-814B-87A7CEFE1BEB}.Release|Any CPU.ActiveCfg = Release|Any CPU
		{09831373-794C-4791-814B-87A7CEFE1BEB}.Release|Any CPU.Build.0 = Release|Any CPU
		{09831373-794C-4791-814B-87A7CEFE1BEB}.Release|x64.ActiveCfg = Release|Any CPU
		{09831373-794C-4791-814B-87A7CEFE1BEB}.Release|x64.Build.0 = Release|Any CPU
		{09831373-794C-4791-814B-87A7CEFE1BEB}.Release|x86.ActiveCfg = Release|Any CPU
		{09831373-794C-4791-814B-87A7CEFE1BEB}.Release|x86.Build.0 = Release|Any CPU
		{6B7A92E2-820B-4169-B294-42F939077C2F}.Debug|Any CPU.ActiveCfg = Debug|Any CPU
		{6B7A92E2-820B-4169-B294-42F939077C2F}.Debug|Any CPU.Build.0 = Debug|Any CPU
		{6B7A92E2-820B-4169-B294-42F939077C2F}.Debug|x64.ActiveCfg = Debug|Any CPU
		{6B7A92E2-820B-4169-B294-42F939077C2F}.Debug|x64.Build.0 = Debug|Any CPU
		{6B7A92E2-820B-4169-B294-42F939077C2F}.Debug|x86.ActiveCfg = Debug|Any CPU
		{6B7A92E2-820B-4169-B294-42F939077C2F}.Debug|x86.Build.0 = Debug|Any CPU
		{6B7A92E2-820B-4169-B294-42F939077C2F}.Release|Any CPU.ActiveCfg = Release|Any CPU
		{6B7A92E2-820B-4169-B294-42F939077C2F}.Release|Any CPU.Build.0 = Release|Any CPU
		{6B7A92E2-820B-4169-B294-42F939077C2F}.Release|x64.ActiveCfg = Release|Any CPU
		{6B7A92E2-820B-4169-B294-42F939077C2F}.Release|x64.Build.0 = Release|Any CPU
		{6B7A92E2-820B-4169-B294-42F939077C2F}.Release|x86.ActiveCfg = Release|Any CPU
		{6B7A92E2-820B-4169-B294-42F939077C2F}.Release|x86.Build.0 = Release|Any CPU
		{515242DF-6B14-4DEF-9862-E8713B79D5C8}.Debug|Any CPU.ActiveCfg = Debug|Any CPU
		{515242DF-6B14-4DEF-9862-E8713B79D5C8}.Debug|Any CPU.Build.0 = Debug|Any CPU
		{515242DF-6B14-4DEF-9862-E8713B79D5C8}.Debug|x64.ActiveCfg = Debug|Any CPU
		{515242DF-6B14-4DEF-9862-E8713B79D5C8}.Debug|x64.Build.0 = Debug|Any CPU
		{515242DF-6B14-4DEF-9862-E8713B79D5C8}.Debug|x86.ActiveCfg = Debug|Any CPU
		{515242DF-6B14-4DEF-9862-E8713B79D5C8}.Debug|x86.Build.0 = Debug|Any CPU
		{515242DF-6B14-4DEF-9862-E8713B79D5C8}.Release|Any CPU.ActiveCfg = Release|Any CPU
		{515242DF-6B14-4DEF-9862-E8713B79D5C8}.Release|Any CPU.Build.0 = Release|Any CPU
		{515242DF-6B14-4DEF-9862-E8713B79D5C8}.Release|x64.ActiveCfg = Release|Any CPU
		{515242DF-6B14-4DEF-9862-E8713B79D5C8}.Release|x64.Build.0 = Release|Any CPU
		{515242DF-6B14-4DEF-9862-E8713B79D5C8}.Release|x86.ActiveCfg = Release|Any CPU
		{515242DF-6B14-4DEF-9862-E8713B79D5C8}.Release|x86.Build.0 = Release|Any CPU
		{24BBE3B4-77A5-4363-9AD1-E36BDAAE6D62}.Debug|Any CPU.ActiveCfg = Debug|Any CPU
		{24BBE3B4-77A5-4363-9AD1-E36BDAAE6D62}.Debug|Any CPU.Build.0 = Debug|Any CPU
		{24BBE3B4-77A5-4363-9AD1-E36BDAAE6D62}.Debug|x64.ActiveCfg = Debug|Any CPU
		{24BBE3B4-77A5-4363-9AD1-E36BDAAE6D62}.Debug|x64.Build.0 = Debug|Any CPU
		{24BBE3B4-77A5-4363-9AD1-E36BDAAE6D62}.Debug|x86.ActiveCfg = Debug|Any CPU
		{24BBE3B4-77A5-4363-9AD1-E36BDAAE6D62}.Debug|x86.Build.0 = Debug|Any CPU
		{24BBE3B4-77A5-4363-9AD1-E36BDAAE6D62}.Release|Any CPU.ActiveCfg = Release|Any CPU
		{24BBE3B4-77A5-4363-9AD1-E36BDAAE6D62}.Release|Any CPU.Build.0 = Release|Any CPU
		{24BBE3B4-77A5-4363-9AD1-E36BDAAE6D62}.Release|x64.ActiveCfg = Release|Any CPU
		{24BBE3B4-77A5-4363-9AD1-E36BDAAE6D62}.Release|x64.Build.0 = Release|Any CPU
		{24BBE3B4-77A5-4363-9AD1-E36BDAAE6D62}.Release|x86.ActiveCfg = Release|Any CPU
		{24BBE3B4-77A5-4363-9AD1-E36BDAAE6D62}.Release|x86.Build.0 = Release|Any CPU
		{522019AE-DE8B-4B49-8748-37219895449A}.Debug|Any CPU.ActiveCfg = Debug|Any CPU
		{522019AE-DE8B-4B49-8748-37219895449A}.Debug|Any CPU.Build.0 = Debug|Any CPU
		{522019AE-DE8B-4B49-8748-37219895449A}.Debug|x64.ActiveCfg = Debug|Any CPU
		{522019AE-DE8B-4B49-8748-37219895449A}.Debug|x64.Build.0 = Debug|Any CPU
		{522019AE-DE8B-4B49-8748-37219895449A}.Debug|x86.ActiveCfg = Debug|Any CPU
		{522019AE-DE8B-4B49-8748-37219895449A}.Debug|x86.Build.0 = Debug|Any CPU
		{522019AE-DE8B-4B49-8748-37219895449A}.Release|Any CPU.ActiveCfg = Release|Any CPU
		{522019AE-DE8B-4B49-8748-37219895449A}.Release|Any CPU.Build.0 = Release|Any CPU
		{522019AE-DE8B-4B49-8748-37219895449A}.Release|x64.ActiveCfg = Release|Any CPU
		{522019AE-DE8B-4B49-8748-37219895449A}.Release|x64.Build.0 = Release|Any CPU
		{522019AE-DE8B-4B49-8748-37219895449A}.Release|x86.ActiveCfg = Release|Any CPU
		{522019AE-DE8B-4B49-8748-37219895449A}.Release|x86.Build.0 = Release|Any CPU
		{47B878E0-6EA2-4A15-B473-068832744974}.Debug|Any CPU.ActiveCfg = Debug|Any CPU
		{47B878E0-6EA2-4A15-B473-068832744974}.Debug|Any CPU.Build.0 = Debug|Any CPU
		{47B878E0-6EA2-4A15-B473-068832744974}.Debug|x64.ActiveCfg = Debug|Any CPU
		{47B878E0-6EA2-4A15-B473-068832744974}.Debug|x64.Build.0 = Debug|Any CPU
		{47B878E0-6EA2-4A15-B473-068832744974}.Debug|x86.ActiveCfg = Debug|Any CPU
		{47B878E0-6EA2-4A15-B473-068832744974}.Debug|x86.Build.0 = Debug|Any CPU
		{47B878E0-6EA2-4A15-B473-068832744974}.Release|Any CPU.ActiveCfg = Release|Any CPU
		{47B878E0-6EA2-4A15-B473-068832744974}.Release|Any CPU.Build.0 = Release|Any CPU
		{47B878E0-6EA2-4A15-B473-068832744974}.Release|x64.ActiveCfg = Release|Any CPU
		{47B878E0-6EA2-4A15-B473-068832744974}.Release|x64.Build.0 = Release|Any CPU
		{47B878E0-6EA2-4A15-B473-068832744974}.Release|x86.ActiveCfg = Release|Any CPU
		{47B878E0-6EA2-4A15-B473-068832744974}.Release|x86.Build.0 = Release|Any CPU
		{3DD603E5-79CE-407A-A43D-0FB4D91887A3}.Debug|Any CPU.ActiveCfg = Debug|Any CPU
		{3DD603E5-79CE-407A-A43D-0FB4D91887A3}.Debug|Any CPU.Build.0 = Debug|Any CPU
		{3DD603E5-79CE-407A-A43D-0FB4D91887A3}.Debug|x64.ActiveCfg = Debug|Any CPU
		{3DD603E5-79CE-407A-A43D-0FB4D91887A3}.Debug|x64.Build.0 = Debug|Any CPU
		{3DD603E5-79CE-407A-A43D-0FB4D91887A3}.Debug|x86.ActiveCfg = Debug|Any CPU
		{3DD603E5-79CE-407A-A43D-0FB4D91887A3}.Debug|x86.Build.0 = Debug|Any CPU
		{3DD603E5-79CE-407A-A43D-0FB4D91887A3}.Release|Any CPU.ActiveCfg = Release|Any CPU
		{3DD603E5-79CE-407A-A43D-0FB4D91887A3}.Release|Any CPU.Build.0 = Release|Any CPU
		{3DD603E5-79CE-407A-A43D-0FB4D91887A3}.Release|x64.ActiveCfg = Release|Any CPU
		{3DD603E5-79CE-407A-A43D-0FB4D91887A3}.Release|x64.Build.0 = Release|Any CPU
		{3DD603E5-79CE-407A-A43D-0FB4D91887A3}.Release|x86.ActiveCfg = Release|Any CPU
		{3DD603E5-79CE-407A-A43D-0FB4D91887A3}.Release|x86.Build.0 = Release|Any CPU
		{5CC42030-9D58-4795-9B90-C41854019C18}.Debug|Any CPU.ActiveCfg = Debug|Any CPU
		{5CC42030-9D58-4795-9B90-C41854019C18}.Debug|Any CPU.Build.0 = Debug|Any CPU
		{5CC42030-9D58-4795-9B90-C41854019C18}.Debug|x64.ActiveCfg = Debug|Any CPU
		{5CC42030-9D58-4795-9B90-C41854019C18}.Debug|x64.Build.0 = Debug|Any CPU
		{5CC42030-9D58-4795-9B90-C41854019C18}.Debug|x86.ActiveCfg = Debug|Any CPU
		{5CC42030-9D58-4795-9B90-C41854019C18}.Debug|x86.Build.0 = Debug|Any CPU
		{5CC42030-9D58-4795-9B90-C41854019C18}.Release|Any CPU.ActiveCfg = Release|Any CPU
		{5CC42030-9D58-4795-9B90-C41854019C18}.Release|Any CPU.Build.0 = Release|Any CPU
		{5CC42030-9D58-4795-9B90-C41854019C18}.Release|x64.ActiveCfg = Release|Any CPU
		{5CC42030-9D58-4795-9B90-C41854019C18}.Release|x64.Build.0 = Release|Any CPU
		{5CC42030-9D58-4795-9B90-C41854019C18}.Release|x86.ActiveCfg = Release|Any CPU
		{5CC42030-9D58-4795-9B90-C41854019C18}.Release|x86.Build.0 = Release|Any CPU
		{B304E4C4-A7BE-442B-9EC2-F3DA93683698}.Debug|Any CPU.ActiveCfg = Debug|Any CPU
		{B304E4C4-A7BE-442B-9EC2-F3DA93683698}.Debug|Any CPU.Build.0 = Debug|Any CPU
		{B304E4C4-A7BE-442B-9EC2-F3DA93683698}.Debug|x64.ActiveCfg = Debug|Any CPU
		{B304E4C4-A7BE-442B-9EC2-F3DA93683698}.Debug|x64.Build.0 = Debug|Any CPU
		{B304E4C4-A7BE-442B-9EC2-F3DA93683698}.Debug|x86.ActiveCfg = Debug|Any CPU
		{B304E4C4-A7BE-442B-9EC2-F3DA93683698}.Debug|x86.Build.0 = Debug|Any CPU
		{B304E4C4-A7BE-442B-9EC2-F3DA93683698}.Release|Any CPU.ActiveCfg = Release|Any CPU
		{B304E4C4-A7BE-442B-9EC2-F3DA93683698}.Release|Any CPU.Build.0 = Release|Any CPU
		{B304E4C4-A7BE-442B-9EC2-F3DA93683698}.Release|x64.ActiveCfg = Release|Any CPU
		{B304E4C4-A7BE-442B-9EC2-F3DA93683698}.Release|x64.Build.0 = Release|Any CPU
		{B304E4C4-A7BE-442B-9EC2-F3DA93683698}.Release|x86.ActiveCfg = Release|Any CPU
		{B304E4C4-A7BE-442B-9EC2-F3DA93683698}.Release|x86.Build.0 = Release|Any CPU
		{8BF87A69-862D-463E-9106-E996B71FCC34}.Debug|Any CPU.ActiveCfg = Debug|Any CPU
		{8BF87A69-862D-463E-9106-E996B71FCC34}.Debug|Any CPU.Build.0 = Debug|Any CPU
		{8BF87A69-862D-463E-9106-E996B71FCC34}.Debug|x64.ActiveCfg = Debug|Any CPU
		{8BF87A69-862D-463E-9106-E996B71FCC34}.Debug|x64.Build.0 = Debug|Any CPU
		{8BF87A69-862D-463E-9106-E996B71FCC34}.Debug|x86.ActiveCfg = Debug|Any CPU
		{8BF87A69-862D-463E-9106-E996B71FCC34}.Debug|x86.Build.0 = Debug|Any CPU
		{8BF87A69-862D-463E-9106-E996B71FCC34}.Release|Any CPU.ActiveCfg = Release|Any CPU
		{8BF87A69-862D-463E-9106-E996B71FCC34}.Release|Any CPU.Build.0 = Release|Any CPU
		{8BF87A69-862D-463E-9106-E996B71FCC34}.Release|x64.ActiveCfg = Release|Any CPU
		{8BF87A69-862D-463E-9106-E996B71FCC34}.Release|x64.Build.0 = Release|Any CPU
		{8BF87A69-862D-463E-9106-E996B71FCC34}.Release|x86.ActiveCfg = Release|Any CPU
		{8BF87A69-862D-463E-9106-E996B71FCC34}.Release|x86.Build.0 = Release|Any CPU
		{D500EFFF-C928-475A-9021-E3EB2DE97F8F}.Debug|Any CPU.ActiveCfg = Debug|Any CPU
		{D500EFFF-C928-475A-9021-E3EB2DE97F8F}.Debug|Any CPU.Build.0 = Debug|Any CPU
		{D500EFFF-C928-475A-9021-E3EB2DE97F8F}.Debug|x64.ActiveCfg = Debug|Any CPU
		{D500EFFF-C928-475A-9021-E3EB2DE97F8F}.Debug|x64.Build.0 = Debug|Any CPU
		{D500EFFF-C928-475A-9021-E3EB2DE97F8F}.Debug|x86.ActiveCfg = Debug|Any CPU
		{D500EFFF-C928-475A-9021-E3EB2DE97F8F}.Debug|x86.Build.0 = Debug|Any CPU
		{D500EFFF-C928-475A-9021-E3EB2DE97F8F}.Release|Any CPU.ActiveCfg = Release|Any CPU
		{D500EFFF-C928-475A-9021-E3EB2DE97F8F}.Release|Any CPU.Build.0 = Release|Any CPU
		{D500EFFF-C928-475A-9021-E3EB2DE97F8F}.Release|x64.ActiveCfg = Release|Any CPU
		{D500EFFF-C928-475A-9021-E3EB2DE97F8F}.Release|x64.Build.0 = Release|Any CPU
		{D500EFFF-C928-475A-9021-E3EB2DE97F8F}.Release|x86.ActiveCfg = Release|Any CPU
		{D500EFFF-C928-475A-9021-E3EB2DE97F8F}.Release|x86.Build.0 = Release|Any CPU
	EndGlobalSection
	GlobalSection(SolutionProperties) = preSolution
		HideSolutionNode = FALSE
	EndGlobalSection
	GlobalSection(NestedProjects) = preSolution
		{EB4110F6-EB95-4703-BFB7-1F94D0FA3D28} = {827E0CD3-B72D-47B6-A68D-7590B98EB39B}
		{D76AD3EF-375C-4B57-9F27-C80D88ED2372} = {827E0CD3-B72D-47B6-A68D-7590B98EB39B}
		{D823D0F6-3BCA-4A4A-8C81-C10AACFB5C2A} = {827E0CD3-B72D-47B6-A68D-7590B98EB39B}
		{97F104A8-2F24-471A-9A24-1176ECAC6D63} = {827E0CD3-B72D-47B6-A68D-7590B98EB39B}
		{0935E6E6-F873-4821-A1A9-99CC365E1B54} = {0AB3BF05-4346-4AA6-1389-037BE0695223}
		{09831373-794C-4791-814B-87A7CEFE1BEB} = {827E0CD3-B72D-47B6-A68D-7590B98EB39B}
		{6B7A92E2-820B-4169-B294-42F939077C2F} = {0AB3BF05-4346-4AA6-1389-037BE0695223}
		{515242DF-6B14-4DEF-9862-E8713B79D5C8} = {827E0CD3-B72D-47B6-A68D-7590B98EB39B}
		{24BBE3B4-77A5-4363-9AD1-E36BDAAE6D62} = {0AB3BF05-4346-4AA6-1389-037BE0695223}
		{522019AE-DE8B-4B49-8748-37219895449A} = {0AB3BF05-4346-4AA6-1389-037BE0695223}
		{47B878E0-6EA2-4A15-B473-068832744974} = {07C2787E-EAC7-C090-1BA3-A61EC2A24D84}
		{3DD603E5-79CE-407A-A43D-0FB4D91887A3} = {1787FE1D-075E-9E68-7218-25F1BD1BBEAB}
		{5CC42030-9D58-4795-9B90-C41854019C18} = {1787FE1D-075E-9E68-7218-25F1BD1BBEAB}
		{B304E4C4-A7BE-442B-9EC2-F3DA93683698} = {827E0CD3-B72D-47B6-A68D-7590B98EB39B}
		{8BF87A69-862D-463E-9106-E996B71FCC34} = {0AB3BF05-4346-4AA6-1389-037BE0695223}
		{D500EFFF-C928-475A-9021-E3EB2DE97F8F} = {827E0CD3-B72D-47B6-A68D-7590B98EB39B}
	EndGlobalSection
EndGlobal
